// !$*UTF8*$!
{
	archiveVersion = 1;
	classes = {
	};
	objectVersion = 46;
	objects = {

/* Begin PBXBuildFile section */
		690DA7CF162643D700C26B63 /* startup.png in Resources */ = {isa = PBXBuildFile; fileRef = 690DA7CE162643D700C26B63 /* startup.png */; };
		6932731014814E670090BA14 /* new.png in Resources */ = {isa = PBXBuildFile; fileRef = 6932730E14814E670090BA14 /* new.png */; };
		6932731114814E670090BA14 /* print.png in Resources */ = {isa = PBXBuildFile; fileRef = 6932730F14814E670090BA14 /* print.png */; };
		6947C8D214846B3C00334D3F /* minus.png in Resources */ = {isa = PBXBuildFile; fileRef = 6947C8D014846B3C00334D3F /* minus.png */; };
		6947C8D314846B3C00334D3F /* plus.png in Resources */ = {isa = PBXBuildFile; fileRef = 6947C8D114846B3C00334D3F /* plus.png */; };
		694EC0B816741EA5001E7A16 /* 10-Guy.jpg in Resources */ = {isa = PBXBuildFile; fileRef = 694EC04516741EA5001E7A16 /* 10-Guy.jpg */; };
		694EC0B916741EA5001E7A16 /* Advice-Dog.jpg in Resources */ = {isa = PBXBuildFile; fileRef = 694EC04616741EA5001E7A16 /* Advice-Dog.jpg */; };
		694EC0BA16741EA5001E7A16 /* Advice-God.jpg in Resources */ = {isa = PBXBuildFile; fileRef = 694EC04716741EA5001E7A16 /* Advice-God.jpg */; };
		694EC0BB16741EA5001E7A16 /* Advice-Yoda.jpg in Resources */ = {isa = PBXBuildFile; fileRef = 694EC04816741EA5001E7A16 /* Advice-Yoda.jpg */; };
		694EC0BC16741EA5001E7A16 /* Ancient-Aliens.jpg in Resources */ = {isa = PBXBuildFile; fileRef = 694EC04916741EA5001E7A16 /* Ancient-Aliens.jpg */; };
		694EC0BD16741EA5001E7A16 /* Annoying-Childhood-Friend.jpg in Resources */ = {isa = PBXBuildFile; fileRef = 694EC04A16741EA5001E7A16 /* Annoying-Childhood-Friend.jpg */; };
		694EC0BE16741EA5001E7A16 /* Annoying-Facebook-Girl.jpg in Resources */ = {isa = PBXBuildFile; fileRef = 694EC04B16741EA5001E7A16 /* Annoying-Facebook-Girl.jpg */; };
		694EC0BF16741EA5001E7A16 /* Anti-Joke-Chicken.jpg in Resources */ = {isa = PBXBuildFile; fileRef = 694EC04C16741EA5001E7A16 /* Anti-Joke-Chicken.jpg */; };
		694EC0C016741EA5001E7A16 /* Art-Student-Owl.jpg in Resources */ = {isa = PBXBuildFile; fileRef = 694EC04D16741EA5001E7A16 /* Art-Student-Owl.jpg */; };
		694EC0C116741EA5001E7A16 /* Baby-Godfather.jpg in Resources */ = {isa = PBXBuildFile; fileRef = 694EC04E16741EA5001E7A16 /* Baby-Godfather.jpg */; };
		694EC0C216741EA5001E7A16 /* Bad-Advice-Cat.jpg in Resources */ = {isa = PBXBuildFile; fileRef = 694EC04F16741EA5001E7A16 /* Bad-Advice-Cat.jpg */; };
		694EC0C316741EA5001E7A16 /* Bad-Joke-Eel.jpg in Resources */ = {isa = PBXBuildFile; fileRef = 694EC05016741EA5001E7A16 /* Bad-Joke-Eel.jpg */; };
		694EC0C416741EA5001E7A16 /* Bad-Luck-Brian.jpg in Resources */ = {isa = PBXBuildFile; fileRef = 694EC05116741EA5001E7A16 /* Bad-Luck-Brian.jpg */; };
		694EC0C516741EA5001E7A16 /* Bear-Grylls.jpg in Resources */ = {isa = PBXBuildFile; fileRef = 694EC05216741EA5001E7A16 /* Bear-Grylls.jpg */; };
		694EC0C616741EA5001E7A16 /* Blank-Colored-Background.jpg in Resources */ = {isa = PBXBuildFile; fileRef = 694EC05316741EA5001E7A16 /* Blank-Colored-Background.jpg */; };
		694EC0C716741EA5001E7A16 /* Brace-Yourselves-X-is-Coming.jpg in Resources */ = {isa = PBXBuildFile; fileRef = 694EC05416741EA5001E7A16 /* Brace-Yourselves-X-is-Coming.jpg */; };
		694EC0C816741EA5001E7A16 /* Business-Cat.jpg in Resources */ = {isa = PBXBuildFile; fileRef = 694EC05516741EA5001E7A16 /* Business-Cat.jpg */; };
		694EC0C916741EA5001E7A16 /* Butthurt-Dweller.jpg in Resources */ = {isa = PBXBuildFile; fileRef = 694EC05616741EA5001E7A16 /* Butthurt-Dweller.jpg */; };
		694EC0CA16741EA5001E7A16 /* Chemistry-Cat.jpg in Resources */ = {isa = PBXBuildFile; fileRef = 694EC05716741EA5001E7A16 /* Chemistry-Cat.jpg */; };
		694EC0CB16741EA5001E7A16 /* College-Freshman.jpg in Resources */ = {isa = PBXBuildFile; fileRef = 694EC05816741EA5001E7A16 /* College-Freshman.jpg */; };
		694EC0CC16741EA5001E7A16 /* Computer-Guy.jpg in Resources */ = {isa = PBXBuildFile; fileRef = 694EC05916741EA5001E7A16 /* Computer-Guy.jpg */; };
		694EC0CD16741EA5001E7A16 /* Confession-Bear.jpg in Resources */ = {isa = PBXBuildFile; fileRef = 694EC05A16741EA5001E7A16 /* Confession-Bear.jpg */; };
		694EC0CE16741EA5001E7A16 /* Conspiracy-Keanu.jpg in Resources */ = {isa = PBXBuildFile; fileRef = 694EC05B16741EA5001E7A16 /* Conspiracy-Keanu.jpg */; };
		694EC0CF16741EA5001E7A16 /* Courage-Wolf.jpg in Resources */ = {isa = PBXBuildFile; fileRef = 694EC05C16741EA5001E7A16 /* Courage-Wolf.jpg */; };
		694EC0D016741EA5001E7A16 /* Crazy-Girlfriend-Praying-Mantis.jpg in Resources */ = {isa = PBXBuildFile; fileRef = 694EC05D16741EA5001E7A16 /* Crazy-Girlfriend-Praying-Mantis.jpg */; };
		694EC0D116741EA5001E7A16 /* Creepy-Condescending-Wonka.jpg in Resources */ = {isa = PBXBuildFile; fileRef = 694EC05E16741EA5001E7A16 /* Creepy-Condescending-Wonka.jpg */; };
		694EC0D216741EA5001E7A16 /* Depression-Dog.jpg in Resources */ = {isa = PBXBuildFile; fileRef = 694EC05F16741EA5001E7A16 /* Depression-Dog.jpg */; };
		694EC0D316741EA5001E7A16 /* Downvoting-Roman.jpg in Resources */ = {isa = PBXBuildFile; fileRef = 694EC06016741EA5001E7A16 /* Downvoting-Roman.jpg */; };
		694EC0D416741EA5001E7A16 /* Drunk-Baby.jpg in Resources */ = {isa = PBXBuildFile; fileRef = 694EC06116741EA5001E7A16 /* Drunk-Baby.jpg */; };
		694EC0D516741EA5001E7A16 /* Dwight-Schrute.jpg in Resources */ = {isa = PBXBuildFile; fileRef = 694EC06216741EA5001E7A16 /* Dwight-Schrute.jpg */; };
		694EC0D616741EA5001E7A16 /* Ermahgerd-Berks.jpg in Resources */ = {isa = PBXBuildFile; fileRef = 694EC06316741EA5001E7A16 /* Ermahgerd-Berks.jpg */; };
		694EC0D716741EA5001E7A16 /* Evil-Cows.jpg in Resources */ = {isa = PBXBuildFile; fileRef = 694EC06416741EA5001E7A16 /* Evil-Cows.jpg */; };
		694EC0D816741EA5001E7A16 /* Family-Tech-Support-Guy.jpg in Resources */ = {isa = PBXBuildFile; fileRef = 694EC06516741EA5001E7A16 /* Family-Tech-Support-Guy.jpg */; };
		694EC0D916741EA5001E7A16 /* First-World-Problems-Cat.jpg in Resources */ = {isa = PBXBuildFile; fileRef = 694EC06616741EA5001E7A16 /* First-World-Problems-Cat.jpg */; };
		694EC0DA16741EA5001E7A16 /* First-World-Problems.jpg in Resources */ = {isa = PBXBuildFile; fileRef = 694EC06716741EA5001E7A16 /* First-World-Problems.jpg */; };
		694EC0DB16741EA5001E7A16 /* Fk-Yeah.jpg in Resources */ = {isa = PBXBuildFile; fileRef = 694EC06816741EA5001E7A16 /* Fk-Yeah.jpg */; };
		694EC0DC16741EA5001E7A16 /* Forever-Alone.jpg in Resources */ = {isa = PBXBuildFile; fileRef = 694EC06916741EA5001E7A16 /* Forever-Alone.jpg */; };
		694EC0DD16741EA5001E7A16 /* Foul-Bachelor-Frog.jpg in Resources */ = {isa = PBXBuildFile; fileRef = 694EC06A16741EA5001E7A16 /* Foul-Bachelor-Frog.jpg */; };
		694EC0DE16741EA5001E7A16 /* Foul-Bachelorette-Frog.jpg in Resources */ = {isa = PBXBuildFile; fileRef = 694EC06B16741EA5001E7A16 /* Foul-Bachelorette-Frog.jpg */; };
		694EC0DF16741EA5001E7A16 /* Futurama-Fry.jpg in Resources */ = {isa = PBXBuildFile; fileRef = 694EC06C16741EA5001E7A16 /* Futurama-Fry.jpg */; };
		694EC0E016741EA5001E7A16 /* Futurama-Zoidberg.jpg in Resources */ = {isa = PBXBuildFile; fileRef = 694EC06D16741EA5001E7A16 /* Futurama-Zoidberg.jpg */; };
		694EC0E116741EA5001E7A16 /* Gasp-Rage-Face.jpg in Resources */ = {isa = PBXBuildFile; fileRef = 694EC06E16741EA5001E7A16 /* Gasp-Rage-Face.jpg */; };
		694EC0E216741EA5001E7A16 /* Good-Guy-Greg.jpg in Resources */ = {isa = PBXBuildFile; fileRef = 694EC06F16741EA5001E7A16 /* Good-Guy-Greg.jpg */; };
		694EC0E316741EA5001E7A16 /* Grandma-Finds-The-Internet.jpg in Resources */ = {isa = PBXBuildFile; fileRef = 694EC07016741EA5001E7A16 /* Grandma-Finds-The-Internet.jpg */; };
		694EC0E416741EA5001E7A16 /* Hawkward.jpg in Resources */ = {isa = PBXBuildFile; fileRef = 694EC07116741EA5001E7A16 /* Hawkward.jpg */; };
		694EC0E516741EA5001E7A16 /* Helpful-Tyler-Durden.jpg in Resources */ = {isa = PBXBuildFile; fileRef = 694EC07216741EA5001E7A16 /* Helpful-Tyler-Durden.jpg */; };
		694EC0E616741EA5001E7A16 /* High-Expectations-Asian-Father.jpg in Resources */ = {isa = PBXBuildFile; fileRef = 694EC07316741EA5001E7A16 /* High-Expectations-Asian-Father.jpg */; };
		694EC0E716741EA5001E7A16 /* Hipster-Barista.jpg in Resources */ = {isa = PBXBuildFile; fileRef = 694EC07416741EA5001E7A16 /* Hipster-Barista.jpg */; };
		694EC0E816741EA5001E7A16 /* Hipster-Kitty.jpg in Resources */ = {isa = PBXBuildFile; fileRef = 694EC07516741EA5001E7A16 /* Hipster-Kitty.jpg */; };
		694EC0E916741EA5001E7A16 /* I-Have-No-Idea-What-I-Am-Doing.jpg in Resources */ = {isa = PBXBuildFile; fileRef = 694EC07616741EA5001E7A16 /* I-Have-No-Idea-What-I-Am-Doing.jpg */; };
		694EC0EA16741EA5001E7A16 /* Idiot-Nerd-Girl.jpg in Resources */ = {isa = PBXBuildFile; fileRef = 694EC07716741EA5001E7A16 /* Idiot-Nerd-Girl.jpg */; };
		694EC0EB16741EA5001E7A16 /* Ill-Just-Wait-Here.jpg in Resources */ = {isa = PBXBuildFile; fileRef = 694EC07816741EA5001E7A16 /* Ill-Just-Wait-Here.jpg */; };
		694EC0EC16741EA5001E7A16 /* Insanity-Wolf.jpg in Resources */ = {isa = PBXBuildFile; fileRef = 694EC07916741EA5001E7A16 /* Insanity-Wolf.jpg */; };
		694EC0ED16741EA5001E7A16 /* Joseph-Ducreux.jpg in Resources */ = {isa = PBXBuildFile; fileRef = 694EC07A16741EA5001E7A16 /* Joseph-Ducreux.jpg */; };
		694EC0EE16741EA5001E7A16 /* Karate-Kyle.jpg in Resources */ = {isa = PBXBuildFile; fileRef = 694EC07B16741EA5001E7A16 /* Karate-Kyle.jpg */; };
		694EC0EF16741EA5001E7A16 /* Lame-Pun-Coon.jpg in Resources */ = {isa = PBXBuildFile; fileRef = 694EC07C16741EA5001E7A16 /* Lame-Pun-Coon.jpg */; };
		694EC0F016741EA5001E7A16 /* Lazy-College-Senior.jpg in Resources */ = {isa = PBXBuildFile; fileRef = 694EC07D16741EA5001E7A16 /* Lazy-College-Senior.jpg */; };
		694EC0F116741EA5001E7A16 /* LOL-Guy.jpg in Resources */ = {isa = PBXBuildFile; fileRef = 694EC07E16741EA5001E7A16 /* LOL-Guy.jpg */; };
		694EC0F216741EA5001E7A16 /* Matrix-Morpheus.jpg in Resources */ = {isa = PBXBuildFile; fileRef = 694EC07F16741EA5001E7A16 /* Matrix-Morpheus.jpg */; };
		694EC0F316741EA5001E7A16 /* Men-Laughing.jpg in Resources */ = {isa = PBXBuildFile; fileRef = 694EC08016741EA5001E7A16 /* Men-Laughing.jpg */; };
		694EC0F416741EA5001E7A16 /* Musically-Oblivious-8th-Grader.jpg in Resources */ = {isa = PBXBuildFile; fileRef = 694EC08116741EA5001E7A16 /* Musically-Oblivious-8th-Grader.jpg */; };
		694EC0F516741EA5001E7A16 /* Neil-deGrasse-Tyson.jpg in Resources */ = {isa = PBXBuildFile; fileRef = 694EC08216741EA5001E7A16 /* Neil-deGrasse-Tyson.jpg */; };
		694EC0F616741EA5001E7A16 /* Oh-No.jpg in Resources */ = {isa = PBXBuildFile; fileRef = 694EC08316741EA5001E7A16 /* Oh-No.jpg */; };
		694EC0F716741EA5001E7A16 /* One-Does-Not-Simply.jpg in Resources */ = {isa = PBXBuildFile; fileRef = 694EC08416741EA5001E7A16 /* One-Does-Not-Simply.jpg */; };
		694EC0F816741EA5001E7A16 /* Ordinary-Muslim-Man.jpg in Resources */ = {isa = PBXBuildFile; fileRef = 694EC08516741EA5001E7A16 /* Ordinary-Muslim-Man.jpg */; };
		694EC0F916741EA5001E7A16 /* Original-I-Lied.jpg in Resources */ = {isa = PBXBuildFile; fileRef = 694EC08616741EA5001E7A16 /* Original-I-Lied.jpg */; };
		694EC0FA16741EA5001E7A16 /* Overly-Attached-Girlfriend.jpg in Resources */ = {isa = PBXBuildFile; fileRef = 694EC08716741EA5001E7A16 /* Overly-Attached-Girlfriend.jpg */; };
		694EC0FB16741EA5001E7A16 /* Paranoid-Parrot.jpg in Resources */ = {isa = PBXBuildFile; fileRef = 694EC08816741EA5001E7A16 /* Paranoid-Parrot.jpg */; };
		694EC0FC16741EA5001E7A16 /* Patriotic-Eagle.jpg in Resources */ = {isa = PBXBuildFile; fileRef = 694EC08916741EA5001E7A16 /* Patriotic-Eagle.jpg */; };
		694EC0FD16741EA5001E7A16 /* Pedobear.jpg in Resources */ = {isa = PBXBuildFile; fileRef = 694EC08A16741EA5001E7A16 /* Pedobear.jpg */; };
		694EC0FE16741EA5001E7A16 /* Philosoraptor.jpg in Resources */ = {isa = PBXBuildFile; fileRef = 694EC08B16741EA5001E7A16 /* Philosoraptor.jpg */; };
		694EC0FF16741EA5001E7A16 /* Pickup-Line-Panda.jpg in Resources */ = {isa = PBXBuildFile; fileRef = 694EC08C16741EA5001E7A16 /* Pickup-Line-Panda.jpg */; };
		694EC10016741EA5001E7A16 /* Priority-Peter.jpg in Resources */ = {isa = PBXBuildFile; fileRef = 694EC08D16741EA5001E7A16 /* Priority-Peter.jpg */; };
		694EC10116741EA5001E7A16 /* PTSD-Clarinet-Boy.jpg in Resources */ = {isa = PBXBuildFile; fileRef = 694EC08E16741EA5001E7A16 /* PTSD-Clarinet-Boy.jpg */; };
		694EC10216741EA5001E7A16 /* Put-It-Somewhere-Else-Patrick.jpg in Resources */ = {isa = PBXBuildFile; fileRef = 694EC08F16741EA5001E7A16 /* Put-It-Somewhere-Else-Patrick.jpg */; };
		694EC10316741EA5001E7A16 /* Question-Rage-Face.jpg in Resources */ = {isa = PBXBuildFile; fileRef = 694EC09016741EA5001E7A16 /* Question-Rage-Face.jpg */; };
		694EC10416741EA5001E7A16 /* Rasta-Science-Teacher.jpg in Resources */ = {isa = PBXBuildFile; fileRef = 694EC09116741EA5001E7A16 /* Rasta-Science-Teacher.jpg */; };
		694EC10516741EA5001E7A16 /* Redditors-Wife.jpg in Resources */ = {isa = PBXBuildFile; fileRef = 694EC09216741EA5001E7A16 /* Redditors-Wife.jpg */; };
		694EC10616741EA5001E7A16 /* Redneck-Randal.jpg in Resources */ = {isa = PBXBuildFile; fileRef = 694EC09316741EA5001E7A16 /* Redneck-Randal.jpg */; };
		694EC10716741EA5001E7A16 /* Rich-Raven.jpg in Resources */ = {isa = PBXBuildFile; fileRef = 694EC09416741EA5001E7A16 /* Rich-Raven.jpg */; };
		694EC10816741EA5001E7A16 /* Sad-X-All-The-Y.jpg in Resources */ = {isa = PBXBuildFile; fileRef = 694EC09516741EA5001E7A16 /* Sad-X-All-The-Y.jpg */; };
		694EC10916741EA5001E7A16 /* Say-That-Again-I-Dare-You.jpg in Resources */ = {isa = PBXBuildFile; fileRef = 694EC09616741EA5001E7A16 /* Say-That-Again-I-Dare-You.jpg */; };
		694EC10A16741EA5001E7A16 /* Scumbag-Brain.jpg in Resources */ = {isa = PBXBuildFile; fileRef = 694EC09716741EA5001E7A16 /* Scumbag-Brain.jpg */; };
		694EC10B16741EA5001E7A16 /* Scumbag-Girl.jpg in Resources */ = {isa = PBXBuildFile; fileRef = 694EC09816741EA5001E7A16 /* Scumbag-Girl.jpg */; };
		694EC10C16741EA5001E7A16 /* Scumbag-Minecraft.jpg in Resources */ = {isa = PBXBuildFile; fileRef = 694EC09916741EA5001E7A16 /* Scumbag-Minecraft.jpg */; };
		694EC10D16741EA5001E7A16 /* Scumbag-Redditor.jpg in Resources */ = {isa = PBXBuildFile; fileRef = 694EC09A16741EA5001E7A16 /* Scumbag-Redditor.jpg */; };
		694EC10E16741EA5001E7A16 /* Scumbag-Steve.jpg in Resources */ = {isa = PBXBuildFile; fileRef = 694EC09B16741EA5001E7A16 /* Scumbag-Steve.jpg */; };
		694EC10F16741EA5001E7A16 /* Sexually-Oblivious-Rhino.jpg in Resources */ = {isa = PBXBuildFile; fileRef = 694EC09C16741EA5001E7A16 /* Sexually-Oblivious-Rhino.jpg */; };
		694EC11016741EA5001E7A16 /* Sheltering-Suburban-Mom.jpg in Resources */ = {isa = PBXBuildFile; fileRef = 694EC09D16741EA5001E7A16 /* Sheltering-Suburban-Mom.jpg */; };
		694EC11116741EA5001E7A16 /* Shut-Up-And-Take-My-Money-Fry.jpg in Resources */ = {isa = PBXBuildFile; fileRef = 694EC09E16741EA5001E7A16 /* Shut-Up-And-Take-My-Money-Fry.jpg */; };
		694EC11216741EA5001E7A16 /* Skeptical-Baby.jpg in Resources */ = {isa = PBXBuildFile; fileRef = 694EC09F16741EA5001E7A16 /* Skeptical-Baby.jpg */; };
		694EC11316741EA5001E7A16 /* Slowpoke.jpg in Resources */ = {isa = PBXBuildFile; fileRef = 694EC0A016741EA5001E7A16 /* Slowpoke.jpg */; };
		694EC11416741EA5001E7A16 /* Socially-Awesome-Awkward-Penguin.jpg in Resources */ = {isa = PBXBuildFile; fileRef = 694EC0A116741EA5001E7A16 /* Socially-Awesome-Awkward-Penguin.jpg */; };
		694EC11516741EA5001E7A16 /* Socially-Awesome-Penguin.jpg in Resources */ = {isa = PBXBuildFile; fileRef = 694EC0A216741EA5001E7A16 /* Socially-Awesome-Penguin.jpg */; };
		694EC11616741EA5001E7A16 /* Socially-Awkward-Penguin.jpg in Resources */ = {isa = PBXBuildFile; fileRef = 694EC0A316741EA5001E7A16 /* Socially-Awkward-Penguin.jpg */; };
		694EC11716741EA5001E7A16 /* Stoner-Dog.jpg in Resources */ = {isa = PBXBuildFile; fileRef = 694EC0A416741EA5001E7A16 /* Stoner-Dog.jpg */; };
		694EC11816741EA5001E7A16 /* Success-Kid.jpg in Resources */ = {isa = PBXBuildFile; fileRef = 694EC0A516741EA5001E7A16 /* Success-Kid.jpg */; };
		694EC11916741EA5001E7A16 /* Successful-Black-Man.jpg in Resources */ = {isa = PBXBuildFile; fileRef = 694EC0A616741EA5001E7A16 /* Successful-Black-Man.jpg */; };
		694EC11A16741EA5001E7A16 /* Sudden-Clarity-Clarence.jpg in Resources */ = {isa = PBXBuildFile; fileRef = 694EC0A716741EA5001E7A16 /* Sudden-Clarity-Clarence.jpg */; };
		694EC11B16741EA5001E7A16 /* Surprised-Coala.jpg in Resources */ = {isa = PBXBuildFile; fileRef = 694EC0A816741EA5001E7A16 /* Surprised-Coala.jpg */; };
		694EC11C16741EA5001E7A16 /* Tech-Impaired-Duck.jpg in Resources */ = {isa = PBXBuildFile; fileRef = 694EC0A916741EA5001E7A16 /* Tech-Impaired-Duck.jpg */; };
		694EC11D16741EA5001E7A16 /* The-Most-Interesting-Cat-In-The-World.jpg in Resources */ = {isa = PBXBuildFile; fileRef = 694EC0AA16741EA5001E7A16 /* The-Most-Interesting-Cat-In-The-World.jpg */; };
		694EC11E16741EA5001E7A16 /* The-Most-Interesting-Man-In-The-World.jpg in Resources */ = {isa = PBXBuildFile; fileRef = 694EC0AB16741EA5001E7A16 /* The-Most-Interesting-Man-In-The-World.jpg */; };
		694EC11F16741EA5001E7A16 /* Third-World-Skeptical-Kid.jpg in Resources */ = {isa = PBXBuildFile; fileRef = 694EC0AC16741EA5001E7A16 /* Third-World-Skeptical-Kid.jpg */; };
		694EC12016741EA5001E7A16 /* Third-World-Success-Kid.jpg in Resources */ = {isa = PBXBuildFile; fileRef = 694EC0AD16741EA5001E7A16 /* Third-World-Success-Kid.jpg */; };
		694EC12116741EA5001E7A16 /* Too-Damn-High.jpg in Resources */ = {isa = PBXBuildFile; fileRef = 694EC0AE16741EA5001E7A16 /* Too-Damn-High.jpg */; };
		694EC12216741EA5001E7A16 /* Troll-Face-Colored.jpg in Resources */ = {isa = PBXBuildFile; fileRef = 694EC0AF16741EA5001E7A16 /* Troll-Face-Colored.jpg */; };
		694EC12316741EA5001E7A16 /* True-Story.jpg in Resources */ = {isa = PBXBuildFile; fileRef = 694EC0B016741EA5001E7A16 /* True-Story.jpg */; };
		694EC12416741EA5001E7A16 /* Unhelpful-High-School-Teacher.jpg in Resources */ = {isa = PBXBuildFile; fileRef = 694EC0B116741EA5001E7A16 /* Unhelpful-High-School-Teacher.jpg */; };
		694EC12516741EA5001E7A16 /* Vengeance-Dad.jpg in Resources */ = {isa = PBXBuildFile; fileRef = 694EC0B216741EA5001E7A16 /* Vengeance-Dad.jpg */; };
		694EC12616741EA5001E7A16 /* We-Will-Rebuild.jpg in Resources */ = {isa = PBXBuildFile; fileRef = 694EC0B316741EA5001E7A16 /* We-Will-Rebuild.jpg */; };
		694EC12716741EA5001E7A16 /* X-All-The-Y.jpg in Resources */ = {isa = PBXBuildFile; fileRef = 694EC0B416741EA5001E7A16 /* X-All-The-Y.jpg */; };
		694EC12816741EA5001E7A16 /* Y-U-No.jpg in Resources */ = {isa = PBXBuildFile; fileRef = 694EC0B516741EA5001E7A16 /* Y-U-No.jpg */; };
		694EC12916741EA5001E7A16 /* Yao-Ming.jpg in Resources */ = {isa = PBXBuildFile; fileRef = 694EC0B616741EA5001E7A16 /* Yao-Ming.jpg */; };
		694EC12A16741EA5001E7A16 /* Yo-Dawg-Heard-You.jpg in Resources */ = {isa = PBXBuildFile; fileRef = 694EC0B716741EA5001E7A16 /* Yo-Dawg-Heard-You.jpg */; };
		6966257E1481817A00F49E2A /* icon32.png in Resources */ = {isa = PBXBuildFile; fileRef = 6966257D1481817A00F49E2A /* icon32.png */; };
		6985CAB314803FC9006F806F /* copy.png in Resources */ = {isa = PBXBuildFile; fileRef = 6985CAB214803FC9006F806F /* copy.png */; };
		69B7A1131481D10100ED7BB7 /* bigger.png in Resources */ = {isa = PBXBuildFile; fileRef = 69B7A1111481D10100ED7BB7 /* bigger.png */; };
		69B7A1141481D10100ED7BB7 /* smaller.png in Resources */ = {isa = PBXBuildFile; fileRef = 69B7A1121481D10100ED7BB7 /* smaller.png */; };
		69C2ECD2147EE60A00EC7161 /* Cocoa.framework in Frameworks */ = {isa = PBXBuildFile; fileRef = 69C2ECD1147EE60A00EC7161 /* Cocoa.framework */; };
		69C2ECDC147EE60A00EC7161 /* InfoPlist.strings in Resources */ = {isa = PBXBuildFile; fileRef = 69C2ECDA147EE60A00EC7161 /* InfoPlist.strings */; };
		69C2ECDE147EE60A00EC7161 /* main.m in Sources */ = {isa = PBXBuildFile; fileRef = 69C2ECDD147EE60A00EC7161 /* main.m */; };
		69C2ECE2147EE60A00EC7161 /* Credits.rtf in Resources */ = {isa = PBXBuildFile; fileRef = 69C2ECE0147EE60A00EC7161 /* Credits.rtf */; };
		69C2ECE5147EE60A00EC7161 /* AppDelegate.m in Sources */ = {isa = PBXBuildFile; fileRef = 69C2ECE4147EE60A00EC7161 /* AppDelegate.m */; };
		69C2ECE8147EE60B00EC7161 /* MainMenu.xib in Resources */ = {isa = PBXBuildFile; fileRef = 69C2ECE6147EE60B00EC7161 /* MainMenu.xib */; };
		69C2ED2E147EE8D400EC7161 /* align-center.png in Resources */ = {isa = PBXBuildFile; fileRef = 69C2ECF1147EE8D400EC7161 /* align-center.png */; };
		69C2ED2F147EE8D400EC7161 /* align-left.png in Resources */ = {isa = PBXBuildFile; fileRef = 69C2ECF2147EE8D400EC7161 /* align-left.png */; };
		69C2ED30147EE8D400EC7161 /* align-right.png in Resources */ = {isa = PBXBuildFile; fileRef = 69C2ECF3147EE8D400EC7161 /* align-right.png */; };
		69C2ED4A147EE8D400EC7161 /* icon.icns in Resources */ = {isa = PBXBuildFile; fileRef = 69C2ED0D147EE8D400EC7161 /* icon.icns */; };
		69C2ED4B147EE8D400EC7161 /* icon.png in Resources */ = {isa = PBXBuildFile; fileRef = 69C2ED0E147EE8D400EC7161 /* icon.png */; };
		69C2ED6B147EEB3F00EC7161 /* Model.m in Sources */ = {isa = PBXBuildFile; fileRef = 69C2ED6A147EEB3F00EC7161 /* Model.m */; };
		69C2ED6E147EEBD100EC7161 /* Template.m in Sources */ = {isa = PBXBuildFile; fileRef = 69C2ED6D147EEBD100EC7161 /* Template.m */; };
		69C2ED71147EECF700EC7161 /* TableViewController.m in Sources */ = {isa = PBXBuildFile; fileRef = 69C2ED70147EECF700EC7161 /* TableViewController.m */; };
		69DE956A147F30EB00AF261E /* NSData+Base64.m in Sources */ = {isa = PBXBuildFile; fileRef = 69DE954C147F30EB00AF261E /* NSData+Base64.m */; };
		69DE956B147F30EB00AF261E /* MultipartForm.m in Sources */ = {isa = PBXBuildFile; fileRef = 69DE954F147F30EB00AF261E /* MultipartForm.m */; };
		69DE956C147F30EB00AF261E /* NSObject+SBJson.m in Sources */ = {isa = PBXBuildFile; fileRef = 69DE9552147F30EB00AF261E /* NSObject+SBJson.m */; };
		69DE956D147F30EB00AF261E /* SBJsonParser.m in Sources */ = {isa = PBXBuildFile; fileRef = 69DE9555147F30EB00AF261E /* SBJsonParser.m */; };
		69DE956E147F30EB00AF261E /* SBJsonStreamParser.m in Sources */ = {isa = PBXBuildFile; fileRef = 69DE9557147F30EB00AF261E /* SBJsonStreamParser.m */; };
		69DE956F147F30EB00AF261E /* SBJsonStreamParserAccumulator.m in Sources */ = {isa = PBXBuildFile; fileRef = 69DE9559147F30EB00AF261E /* SBJsonStreamParserAccumulator.m */; };
		69DE9570147F30EB00AF261E /* SBJsonStreamParserAdapter.m in Sources */ = {isa = PBXBuildFile; fileRef = 69DE955B147F30EB00AF261E /* SBJsonStreamParserAdapter.m */; };
		69DE9571147F30EB00AF261E /* SBJsonStreamParserState.m in Sources */ = {isa = PBXBuildFile; fileRef = 69DE955D147F30EB00AF261E /* SBJsonStreamParserState.m */; };
		69DE9572147F30EB00AF261E /* SBJsonStreamWriter.m in Sources */ = {isa = PBXBuildFile; fileRef = 69DE955F147F30EB00AF261E /* SBJsonStreamWriter.m */; };
		69DE9573147F30EB00AF261E /* SBJsonStreamWriterAccumulator.m in Sources */ = {isa = PBXBuildFile; fileRef = 69DE9561147F30EB00AF261E /* SBJsonStreamWriterAccumulator.m */; };
		69DE9574147F30EB00AF261E /* SBJsonStreamWriterState.m in Sources */ = {isa = PBXBuildFile; fileRef = 69DE9563147F30EB00AF261E /* SBJsonStreamWriterState.m */; };
		69DE9575147F30EB00AF261E /* SBJsonTokeniser.m in Sources */ = {isa = PBXBuildFile; fileRef = 69DE9565147F30EB00AF261E /* SBJsonTokeniser.m */; };
		69DE9576147F30EB00AF261E /* SBJsonUTF8Stream.m in Sources */ = {isa = PBXBuildFile; fileRef = 69DE9567147F30EB00AF261E /* SBJsonUTF8Stream.m */; };
		69DE9577147F30EB00AF261E /* SBJsonWriter.m in Sources */ = {isa = PBXBuildFile; fileRef = 69DE9569147F30EB00AF261E /* SBJsonWriter.m */; };
		69F348E7147FD65C0054EA7F /* imgur.png in Resources */ = {isa = PBXBuildFile; fileRef = 69F348E2147FD65C0054EA7F /* imgur.png */; };
		69F348E8147FD65C0054EA7F /* open.png in Resources */ = {isa = PBXBuildFile; fileRef = 69F348E3147FD65C0054EA7F /* open.png */; };
		69F348E9147FD65C0054EA7F /* reddit.png in Resources */ = {isa = PBXBuildFile; fileRef = 69F348E4147FD65C0054EA7F /* reddit.png */; };
		69F348EA147FD65C0054EA7F /* reset.png in Resources */ = {isa = PBXBuildFile; fileRef = 69F348E5147FD65C0054EA7F /* reset.png */; };
		69F348EB147FD65C0054EA7F /* save.png in Resources */ = {isa = PBXBuildFile; fileRef = 69F348E6147FD65C0054EA7F /* save.png */; };
/* End PBXBuildFile section */

/* Begin PBXFileReference section */
		690DA7CE162643D700C26B63 /* startup.png */ = {isa = PBXFileReference; lastKnownFileType = image.png; path = startup.png; sourceTree = "<group>"; };
		6932730E14814E670090BA14 /* new.png */ = {isa = PBXFileReference; lastKnownFileType = image.png; path = new.png; sourceTree = "<group>"; };
		6932730F14814E670090BA14 /* print.png */ = {isa = PBXFileReference; lastKnownFileType = image.png; path = print.png; sourceTree = "<group>"; };
		6947C8D014846B3C00334D3F /* minus.png */ = {isa = PBXFileReference; lastKnownFileType = image.png; path = minus.png; sourceTree = "<group>"; };
		6947C8D114846B3C00334D3F /* plus.png */ = {isa = PBXFileReference; lastKnownFileType = image.png; path = plus.png; sourceTree = "<group>"; };
		694EC04516741EA5001E7A16 /* 10-Guy.jpg */ = {isa = PBXFileReference; lastKnownFileType = image.jpeg; path = "10-Guy.jpg"; sourceTree = "<group>"; };
		694EC04616741EA5001E7A16 /* Advice-Dog.jpg */ = {isa = PBXFileReference; lastKnownFileType = image.jpeg; path = "Advice-Dog.jpg"; sourceTree = "<group>"; };
		694EC04716741EA5001E7A16 /* Advice-God.jpg */ = {isa = PBXFileReference; lastKnownFileType = image.jpeg; path = "Advice-God.jpg"; sourceTree = "<group>"; };
		694EC04816741EA5001E7A16 /* Advice-Yoda.jpg */ = {isa = PBXFileReference; lastKnownFileType = image.jpeg; path = "Advice-Yoda.jpg"; sourceTree = "<group>"; };
		694EC04916741EA5001E7A16 /* Ancient-Aliens.jpg */ = {isa = PBXFileReference; lastKnownFileType = image.jpeg; path = "Ancient-Aliens.jpg"; sourceTree = "<group>"; };
		694EC04A16741EA5001E7A16 /* Annoying-Childhood-Friend.jpg */ = {isa = PBXFileReference; lastKnownFileType = image.jpeg; path = "Annoying-Childhood-Friend.jpg"; sourceTree = "<group>"; };
		694EC04B16741EA5001E7A16 /* Annoying-Facebook-Girl.jpg */ = {isa = PBXFileReference; lastKnownFileType = image.jpeg; path = "Annoying-Facebook-Girl.jpg"; sourceTree = "<group>"; };
		694EC04C16741EA5001E7A16 /* Anti-Joke-Chicken.jpg */ = {isa = PBXFileReference; lastKnownFileType = image.jpeg; path = "Anti-Joke-Chicken.jpg"; sourceTree = "<group>"; };
		694EC04D16741EA5001E7A16 /* Art-Student-Owl.jpg */ = {isa = PBXFileReference; lastKnownFileType = image.jpeg; path = "Art-Student-Owl.jpg"; sourceTree = "<group>"; };
		694EC04E16741EA5001E7A16 /* Baby-Godfather.jpg */ = {isa = PBXFileReference; lastKnownFileType = image.jpeg; path = "Baby-Godfather.jpg"; sourceTree = "<group>"; };
		694EC04F16741EA5001E7A16 /* Bad-Advice-Cat.jpg */ = {isa = PBXFileReference; lastKnownFileType = image.jpeg; path = "Bad-Advice-Cat.jpg"; sourceTree = "<group>"; };
		694EC05016741EA5001E7A16 /* Bad-Joke-Eel.jpg */ = {isa = PBXFileReference; lastKnownFileType = image.jpeg; path = "Bad-Joke-Eel.jpg"; sourceTree = "<group>"; };
		694EC05116741EA5001E7A16 /* Bad-Luck-Brian.jpg */ = {isa = PBXFileReference; lastKnownFileType = image.jpeg; path = "Bad-Luck-Brian.jpg"; sourceTree = "<group>"; };
		694EC05216741EA5001E7A16 /* Bear-Grylls.jpg */ = {isa = PBXFileReference; lastKnownFileType = image.jpeg; path = "Bear-Grylls.jpg"; sourceTree = "<group>"; };
		694EC05316741EA5001E7A16 /* Blank-Colored-Background.jpg */ = {isa = PBXFileReference; lastKnownFileType = image.jpeg; path = "Blank-Colored-Background.jpg"; sourceTree = "<group>"; };
		694EC05416741EA5001E7A16 /* Brace-Yourselves-X-is-Coming.jpg */ = {isa = PBXFileReference; lastKnownFileType = image.jpeg; path = "Brace-Yourselves-X-is-Coming.jpg"; sourceTree = "<group>"; };
		694EC05516741EA5001E7A16 /* Business-Cat.jpg */ = {isa = PBXFileReference; lastKnownFileType = image.jpeg; path = "Business-Cat.jpg"; sourceTree = "<group>"; };
		694EC05616741EA5001E7A16 /* Butthurt-Dweller.jpg */ = {isa = PBXFileReference; lastKnownFileType = image.jpeg; path = "Butthurt-Dweller.jpg"; sourceTree = "<group>"; };
		694EC05716741EA5001E7A16 /* Chemistry-Cat.jpg */ = {isa = PBXFileReference; lastKnownFileType = image.jpeg; path = "Chemistry-Cat.jpg"; sourceTree = "<group>"; };
		694EC05816741EA5001E7A16 /* College-Freshman.jpg */ = {isa = PBXFileReference; lastKnownFileType = image.jpeg; path = "College-Freshman.jpg"; sourceTree = "<group>"; };
		694EC05916741EA5001E7A16 /* Computer-Guy.jpg */ = {isa = PBXFileReference; lastKnownFileType = image.jpeg; path = "Computer-Guy.jpg"; sourceTree = "<group>"; };
		694EC05A16741EA5001E7A16 /* Confession-Bear.jpg */ = {isa = PBXFileReference; lastKnownFileType = image.jpeg; path = "Confession-Bear.jpg"; sourceTree = "<group>"; };
		694EC05B16741EA5001E7A16 /* Conspiracy-Keanu.jpg */ = {isa = PBXFileReference; lastKnownFileType = image.jpeg; path = "Conspiracy-Keanu.jpg"; sourceTree = "<group>"; };
		694EC05C16741EA5001E7A16 /* Courage-Wolf.jpg */ = {isa = PBXFileReference; lastKnownFileType = image.jpeg; path = "Courage-Wolf.jpg"; sourceTree = "<group>"; };
		694EC05D16741EA5001E7A16 /* Crazy-Girlfriend-Praying-Mantis.jpg */ = {isa = PBXFileReference; lastKnownFileType = image.jpeg; path = "Crazy-Girlfriend-Praying-Mantis.jpg"; sourceTree = "<group>"; };
		694EC05E16741EA5001E7A16 /* Creepy-Condescending-Wonka.jpg */ = {isa = PBXFileReference; lastKnownFileType = image.jpeg; path = "Creepy-Condescending-Wonka.jpg"; sourceTree = "<group>"; };
		694EC05F16741EA5001E7A16 /* Depression-Dog.jpg */ = {isa = PBXFileReference; lastKnownFileType = image.jpeg; path = "Depression-Dog.jpg"; sourceTree = "<group>"; };
		694EC06016741EA5001E7A16 /* Downvoting-Roman.jpg */ = {isa = PBXFileReference; lastKnownFileType = image.jpeg; path = "Downvoting-Roman.jpg"; sourceTree = "<group>"; };
		694EC06116741EA5001E7A16 /* Drunk-Baby.jpg */ = {isa = PBXFileReference; lastKnownFileType = image.jpeg; path = "Drunk-Baby.jpg"; sourceTree = "<group>"; };
		694EC06216741EA5001E7A16 /* Dwight-Schrute.jpg */ = {isa = PBXFileReference; lastKnownFileType = image.jpeg; path = "Dwight-Schrute.jpg"; sourceTree = "<group>"; };
		694EC06316741EA5001E7A16 /* Ermahgerd-Berks.jpg */ = {isa = PBXFileReference; lastKnownFileType = image.jpeg; path = "Ermahgerd-Berks.jpg"; sourceTree = "<group>"; };
		694EC06416741EA5001E7A16 /* Evil-Cows.jpg */ = {isa = PBXFileReference; lastKnownFileType = image.jpeg; path = "Evil-Cows.jpg"; sourceTree = "<group>"; };
		694EC06516741EA5001E7A16 /* Family-Tech-Support-Guy.jpg */ = {isa = PBXFileReference; lastKnownFileType = image.jpeg; path = "Family-Tech-Support-Guy.jpg"; sourceTree = "<group>"; };
		694EC06616741EA5001E7A16 /* First-World-Problems-Cat.jpg */ = {isa = PBXFileReference; lastKnownFileType = image.jpeg; path = "First-World-Problems-Cat.jpg"; sourceTree = "<group>"; };
		694EC06716741EA5001E7A16 /* First-World-Problems.jpg */ = {isa = PBXFileReference; lastKnownFileType = image.jpeg; path = "First-World-Problems.jpg"; sourceTree = "<group>"; };
		694EC06816741EA5001E7A16 /* Fk-Yeah.jpg */ = {isa = PBXFileReference; lastKnownFileType = image.jpeg; path = "Fk-Yeah.jpg"; sourceTree = "<group>"; };
		694EC06916741EA5001E7A16 /* Forever-Alone.jpg */ = {isa = PBXFileReference; lastKnownFileType = image.jpeg; path = "Forever-Alone.jpg"; sourceTree = "<group>"; };
		694EC06A16741EA5001E7A16 /* Foul-Bachelor-Frog.jpg */ = {isa = PBXFileReference; lastKnownFileType = image.jpeg; path = "Foul-Bachelor-Frog.jpg"; sourceTree = "<group>"; };
		694EC06B16741EA5001E7A16 /* Foul-Bachelorette-Frog.jpg */ = {isa = PBXFileReference; lastKnownFileType = image.jpeg; path = "Foul-Bachelorette-Frog.jpg"; sourceTree = "<group>"; };
		694EC06C16741EA5001E7A16 /* Futurama-Fry.jpg */ = {isa = PBXFileReference; lastKnownFileType = image.jpeg; path = "Futurama-Fry.jpg"; sourceTree = "<group>"; };
		694EC06D16741EA5001E7A16 /* Futurama-Zoidberg.jpg */ = {isa = PBXFileReference; lastKnownFileType = image.jpeg; path = "Futurama-Zoidberg.jpg"; sourceTree = "<group>"; };
		694EC06E16741EA5001E7A16 /* Gasp-Rage-Face.jpg */ = {isa = PBXFileReference; lastKnownFileType = image.jpeg; path = "Gasp-Rage-Face.jpg"; sourceTree = "<group>"; };
		694EC06F16741EA5001E7A16 /* Good-Guy-Greg.jpg */ = {isa = PBXFileReference; lastKnownFileType = image.jpeg; path = "Good-Guy-Greg.jpg"; sourceTree = "<group>"; };
		694EC07016741EA5001E7A16 /* Grandma-Finds-The-Internet.jpg */ = {isa = PBXFileReference; lastKnownFileType = image.jpeg; path = "Grandma-Finds-The-Internet.jpg"; sourceTree = "<group>"; };
		694EC07116741EA5001E7A16 /* Hawkward.jpg */ = {isa = PBXFileReference; lastKnownFileType = image.jpeg; path = Hawkward.jpg; sourceTree = "<group>"; };
		694EC07216741EA5001E7A16 /* Helpful-Tyler-Durden.jpg */ = {isa = PBXFileReference; lastKnownFileType = image.jpeg; path = "Helpful-Tyler-Durden.jpg"; sourceTree = "<group>"; };
		694EC07316741EA5001E7A16 /* High-Expectations-Asian-Father.jpg */ = {isa = PBXFileReference; lastKnownFileType = image.jpeg; path = "High-Expectations-Asian-Father.jpg"; sourceTree = "<group>"; };
		694EC07416741EA5001E7A16 /* Hipster-Barista.jpg */ = {isa = PBXFileReference; lastKnownFileType = image.jpeg; path = "Hipster-Barista.jpg"; sourceTree = "<group>"; };
		694EC07516741EA5001E7A16 /* Hipster-Kitty.jpg */ = {isa = PBXFileReference; lastKnownFileType = image.jpeg; path = "Hipster-Kitty.jpg"; sourceTree = "<group>"; };
		694EC07616741EA5001E7A16 /* I-Have-No-Idea-What-I-Am-Doing.jpg */ = {isa = PBXFileReference; lastKnownFileType = image.jpeg; path = "I-Have-No-Idea-What-I-Am-Doing.jpg"; sourceTree = "<group>"; };
		694EC07716741EA5001E7A16 /* Idiot-Nerd-Girl.jpg */ = {isa = PBXFileReference; lastKnownFileType = image.jpeg; path = "Idiot-Nerd-Girl.jpg"; sourceTree = "<group>"; };
		694EC07816741EA5001E7A16 /* Ill-Just-Wait-Here.jpg */ = {isa = PBXFileReference; lastKnownFileType = image.jpeg; path = "Ill-Just-Wait-Here.jpg"; sourceTree = "<group>"; };
		694EC07916741EA5001E7A16 /* Insanity-Wolf.jpg */ = {isa = PBXFileReference; lastKnownFileType = image.jpeg; path = "Insanity-Wolf.jpg"; sourceTree = "<group>"; };
		694EC07A16741EA5001E7A16 /* Joseph-Ducreux.jpg */ = {isa = PBXFileReference; lastKnownFileType = image.jpeg; path = "Joseph-Ducreux.jpg"; sourceTree = "<group>"; };
		694EC07B16741EA5001E7A16 /* Karate-Kyle.jpg */ = {isa = PBXFileReference; lastKnownFileType = image.jpeg; path = "Karate-Kyle.jpg"; sourceTree = "<group>"; };
		694EC07C16741EA5001E7A16 /* Lame-Pun-Coon.jpg */ = {isa = PBXFileReference; lastKnownFileType = image.jpeg; path = "Lame-Pun-Coon.jpg"; sourceTree = "<group>"; };
		694EC07D16741EA5001E7A16 /* Lazy-College-Senior.jpg */ = {isa = PBXFileReference; lastKnownFileType = image.jpeg; path = "Lazy-College-Senior.jpg"; sourceTree = "<group>"; };
		694EC07E16741EA5001E7A16 /* LOL-Guy.jpg */ = {isa = PBXFileReference; lastKnownFileType = image.jpeg; path = "LOL-Guy.jpg"; sourceTree = "<group>"; };
		694EC07F16741EA5001E7A16 /* Matrix-Morpheus.jpg */ = {isa = PBXFileReference; lastKnownFileType = image.jpeg; path = "Matrix-Morpheus.jpg"; sourceTree = "<group>"; };
		694EC08016741EA5001E7A16 /* Men-Laughing.jpg */ = {isa = PBXFileReference; lastKnownFileType = image.jpeg; path = "Men-Laughing.jpg"; sourceTree = "<group>"; };
		694EC08116741EA5001E7A16 /* Musically-Oblivious-8th-Grader.jpg */ = {isa = PBXFileReference; lastKnownFileType = image.jpeg; path = "Musically-Oblivious-8th-Grader.jpg"; sourceTree = "<group>"; };
		694EC08216741EA5001E7A16 /* Neil-deGrasse-Tyson.jpg */ = {isa = PBXFileReference; lastKnownFileType = image.jpeg; path = "Neil-deGrasse-Tyson.jpg"; sourceTree = "<group>"; };
		694EC08316741EA5001E7A16 /* Oh-No.jpg */ = {isa = PBXFileReference; lastKnownFileType = image.jpeg; path = "Oh-No.jpg"; sourceTree = "<group>"; };
		694EC08416741EA5001E7A16 /* One-Does-Not-Simply.jpg */ = {isa = PBXFileReference; lastKnownFileType = image.jpeg; path = "One-Does-Not-Simply.jpg"; sourceTree = "<group>"; };
		694EC08516741EA5001E7A16 /* Ordinary-Muslim-Man.jpg */ = {isa = PBXFileReference; lastKnownFileType = image.jpeg; path = "Ordinary-Muslim-Man.jpg"; sourceTree = "<group>"; };
		694EC08616741EA5001E7A16 /* Original-I-Lied.jpg */ = {isa = PBXFileReference; lastKnownFileType = image.jpeg; path = "Original-I-Lied.jpg"; sourceTree = "<group>"; };
		694EC08716741EA5001E7A16 /* Overly-Attached-Girlfriend.jpg */ = {isa = PBXFileReference; lastKnownFileType = image.jpeg; path = "Overly-Attached-Girlfriend.jpg"; sourceTree = "<group>"; };
		694EC08816741EA5001E7A16 /* Paranoid-Parrot.jpg */ = {isa = PBXFileReference; lastKnownFileType = image.jpeg; path = "Paranoid-Parrot.jpg"; sourceTree = "<group>"; };
		694EC08916741EA5001E7A16 /* Patriotic-Eagle.jpg */ = {isa = PBXFileReference; lastKnownFileType = image.jpeg; path = "Patriotic-Eagle.jpg"; sourceTree = "<group>"; };
		694EC08A16741EA5001E7A16 /* Pedobear.jpg */ = {isa = PBXFileReference; lastKnownFileType = image.jpeg; path = Pedobear.jpg; sourceTree = "<group>"; };
		694EC08B16741EA5001E7A16 /* Philosoraptor.jpg */ = {isa = PBXFileReference; lastKnownFileType = image.jpeg; path = Philosoraptor.jpg; sourceTree = "<group>"; };
		694EC08C16741EA5001E7A16 /* Pickup-Line-Panda.jpg */ = {isa = PBXFileReference; lastKnownFileType = image.jpeg; path = "Pickup-Line-Panda.jpg"; sourceTree = "<group>"; };
		694EC08D16741EA5001E7A16 /* Priority-Peter.jpg */ = {isa = PBXFileReference; lastKnownFileType = image.jpeg; path = "Priority-Peter.jpg"; sourceTree = "<group>"; };
		694EC08E16741EA5001E7A16 /* PTSD-Clarinet-Boy.jpg */ = {isa = PBXFileReference; lastKnownFileType = image.jpeg; path = "PTSD-Clarinet-Boy.jpg"; sourceTree = "<group>"; };
		694EC08F16741EA5001E7A16 /* Put-It-Somewhere-Else-Patrick.jpg */ = {isa = PBXFileReference; lastKnownFileType = image.jpeg; path = "Put-It-Somewhere-Else-Patrick.jpg"; sourceTree = "<group>"; };
		694EC09016741EA5001E7A16 /* Question-Rage-Face.jpg */ = {isa = PBXFileReference; lastKnownFileType = image.jpeg; path = "Question-Rage-Face.jpg"; sourceTree = "<group>"; };
		694EC09116741EA5001E7A16 /* Rasta-Science-Teacher.jpg */ = {isa = PBXFileReference; lastKnownFileType = image.jpeg; path = "Rasta-Science-Teacher.jpg"; sourceTree = "<group>"; };
		694EC09216741EA5001E7A16 /* Redditors-Wife.jpg */ = {isa = PBXFileReference; lastKnownFileType = image.jpeg; path = "Redditors-Wife.jpg"; sourceTree = "<group>"; };
		694EC09316741EA5001E7A16 /* Redneck-Randal.jpg */ = {isa = PBXFileReference; lastKnownFileType = image.jpeg; path = "Redneck-Randal.jpg"; sourceTree = "<group>"; };
		694EC09416741EA5001E7A16 /* Rich-Raven.jpg */ = {isa = PBXFileReference; lastKnownFileType = image.jpeg; path = "Rich-Raven.jpg"; sourceTree = "<group>"; };
		694EC09516741EA5001E7A16 /* Sad-X-All-The-Y.jpg */ = {isa = PBXFileReference; lastKnownFileType = image.jpeg; path = "Sad-X-All-The-Y.jpg"; sourceTree = "<group>"; };
		694EC09616741EA5001E7A16 /* Say-That-Again-I-Dare-You.jpg */ = {isa = PBXFileReference; lastKnownFileType = image.jpeg; path = "Say-That-Again-I-Dare-You.jpg"; sourceTree = "<group>"; };
		694EC09716741EA5001E7A16 /* Scumbag-Brain.jpg */ = {isa = PBXFileReference; lastKnownFileType = image.jpeg; path = "Scumbag-Brain.jpg"; sourceTree = "<group>"; };
		694EC09816741EA5001E7A16 /* Scumbag-Girl.jpg */ = {isa = PBXFileReference; lastKnownFileType = image.jpeg; path = "Scumbag-Girl.jpg"; sourceTree = "<group>"; };
		694EC09916741EA5001E7A16 /* Scumbag-Minecraft.jpg */ = {isa = PBXFileReference; lastKnownFileType = image.jpeg; path = "Scumbag-Minecraft.jpg"; sourceTree = "<group>"; };
		694EC09A16741EA5001E7A16 /* Scumbag-Redditor.jpg */ = {isa = PBXFileReference; lastKnownFileType = image.jpeg; path = "Scumbag-Redditor.jpg"; sourceTree = "<group>"; };
		694EC09B16741EA5001E7A16 /* Scumbag-Steve.jpg */ = {isa = PBXFileReference; lastKnownFileType = image.jpeg; path = "Scumbag-Steve.jpg"; sourceTree = "<group>"; };
		694EC09C16741EA5001E7A16 /* Sexually-Oblivious-Rhino.jpg */ = {isa = PBXFileReference; lastKnownFileType = image.jpeg; path = "Sexually-Oblivious-Rhino.jpg"; sourceTree = "<group>"; };
		694EC09D16741EA5001E7A16 /* Sheltering-Suburban-Mom.jpg */ = {isa = PBXFileReference; lastKnownFileType = image.jpeg; path = "Sheltering-Suburban-Mom.jpg"; sourceTree = "<group>"; };
		694EC09E16741EA5001E7A16 /* Shut-Up-And-Take-My-Money-Fry.jpg */ = {isa = PBXFileReference; lastKnownFileType = image.jpeg; path = "Shut-Up-And-Take-My-Money-Fry.jpg"; sourceTree = "<group>"; };
		694EC09F16741EA5001E7A16 /* Skeptical-Baby.jpg */ = {isa = PBXFileReference; lastKnownFileType = image.jpeg; path = "Skeptical-Baby.jpg"; sourceTree = "<group>"; };
		694EC0A016741EA5001E7A16 /* Slowpoke.jpg */ = {isa = PBXFileReference; lastKnownFileType = image.jpeg; path = Slowpoke.jpg; sourceTree = "<group>"; };
		694EC0A116741EA5001E7A16 /* Socially-Awesome-Awkward-Penguin.jpg */ = {isa = PBXFileReference; lastKnownFileType = image.jpeg; path = "Socially-Awesome-Awkward-Penguin.jpg"; sourceTree = "<group>"; };
		694EC0A216741EA5001E7A16 /* Socially-Awesome-Penguin.jpg */ = {isa = PBXFileReference; lastKnownFileType = image.jpeg; path = "Socially-Awesome-Penguin.jpg"; sourceTree = "<group>"; };
		694EC0A316741EA5001E7A16 /* Socially-Awkward-Penguin.jpg */ = {isa = PBXFileReference; lastKnownFileType = image.jpeg; path = "Socially-Awkward-Penguin.jpg"; sourceTree = "<group>"; };
		694EC0A416741EA5001E7A16 /* Stoner-Dog.jpg */ = {isa = PBXFileReference; lastKnownFileType = image.jpeg; path = "Stoner-Dog.jpg"; sourceTree = "<group>"; };
		694EC0A516741EA5001E7A16 /* Success-Kid.jpg */ = {isa = PBXFileReference; lastKnownFileType = image.jpeg; path = "Success-Kid.jpg"; sourceTree = "<group>"; };
		694EC0A616741EA5001E7A16 /* Successful-Black-Man.jpg */ = {isa = PBXFileReference; lastKnownFileType = image.jpeg; path = "Successful-Black-Man.jpg"; sourceTree = "<group>"; };
		694EC0A716741EA5001E7A16 /* Sudden-Clarity-Clarence.jpg */ = {isa = PBXFileReference; lastKnownFileType = image.jpeg; path = "Sudden-Clarity-Clarence.jpg"; sourceTree = "<group>"; };
		694EC0A816741EA5001E7A16 /* Surprised-Coala.jpg */ = {isa = PBXFileReference; lastKnownFileType = image.jpeg; path = "Surprised-Coala.jpg"; sourceTree = "<group>"; };
		694EC0A916741EA5001E7A16 /* Tech-Impaired-Duck.jpg */ = {isa = PBXFileReference; lastKnownFileType = image.jpeg; path = "Tech-Impaired-Duck.jpg"; sourceTree = "<group>"; };
		694EC0AA16741EA5001E7A16 /* The-Most-Interesting-Cat-In-The-World.jpg */ = {isa = PBXFileReference; lastKnownFileType = image.jpeg; path = "The-Most-Interesting-Cat-In-The-World.jpg"; sourceTree = "<group>"; };
		694EC0AB16741EA5001E7A16 /* The-Most-Interesting-Man-In-The-World.jpg */ = {isa = PBXFileReference; lastKnownFileType = image.jpeg; path = "The-Most-Interesting-Man-In-The-World.jpg"; sourceTree = "<group>"; };
		694EC0AC16741EA5001E7A16 /* Third-World-Skeptical-Kid.jpg */ = {isa = PBXFileReference; lastKnownFileType = image.jpeg; path = "Third-World-Skeptical-Kid.jpg"; sourceTree = "<group>"; };
		694EC0AD16741EA5001E7A16 /* Third-World-Success-Kid.jpg */ = {isa = PBXFileReference; lastKnownFileType = image.jpeg; path = "Third-World-Success-Kid.jpg"; sourceTree = "<group>"; };
		694EC0AE16741EA5001E7A16 /* Too-Damn-High.jpg */ = {isa = PBXFileReference; lastKnownFileType = image.jpeg; path = "Too-Damn-High.jpg"; sourceTree = "<group>"; };
		694EC0AF16741EA5001E7A16 /* Troll-Face-Colored.jpg */ = {isa = PBXFileReference; lastKnownFileType = image.jpeg; path = "Troll-Face-Colored.jpg"; sourceTree = "<group>"; };
		694EC0B016741EA5001E7A16 /* True-Story.jpg */ = {isa = PBXFileReference; lastKnownFileType = image.jpeg; path = "True-Story.jpg"; sourceTree = "<group>"; };
		694EC0B116741EA5001E7A16 /* Unhelpful-High-School-Teacher.jpg */ = {isa = PBXFileReference; lastKnownFileType = image.jpeg; path = "Unhelpful-High-School-Teacher.jpg"; sourceTree = "<group>"; };
		694EC0B216741EA5001E7A16 /* Vengeance-Dad.jpg */ = {isa = PBXFileReference; lastKnownFileType = image.jpeg; path = "Vengeance-Dad.jpg"; sourceTree = "<group>"; };
		694EC0B316741EA5001E7A16 /* We-Will-Rebuild.jpg */ = {isa = PBXFileReference; lastKnownFileType = image.jpeg; path = "We-Will-Rebuild.jpg"; sourceTree = "<group>"; };
		694EC0B416741EA5001E7A16 /* X-All-The-Y.jpg */ = {isa = PBXFileReference; lastKnownFileType = image.jpeg; path = "X-All-The-Y.jpg"; sourceTree = "<group>"; };
		694EC0B516741EA5001E7A16 /* Y-U-No.jpg */ = {isa = PBXFileReference; lastKnownFileType = image.jpeg; path = "Y-U-No.jpg"; sourceTree = "<group>"; };
		694EC0B616741EA5001E7A16 /* Yao-Ming.jpg */ = {isa = PBXFileReference; lastKnownFileType = image.jpeg; path = "Yao-Ming.jpg"; sourceTree = "<group>"; };
		694EC0B716741EA5001E7A16 /* Yo-Dawg-Heard-You.jpg */ = {isa = PBXFileReference; lastKnownFileType = image.jpeg; path = "Yo-Dawg-Heard-You.jpg"; sourceTree = "<group>"; };
		6966257D1481817A00F49E2A /* icon32.png */ = {isa = PBXFileReference; lastKnownFileType = image.png; path = icon32.png; sourceTree = "<group>"; };
		6985CAB214803FC9006F806F /* copy.png */ = {isa = PBXFileReference; lastKnownFileType = image.png; path = copy.png; sourceTree = "<group>"; };
		69B7A1111481D10100ED7BB7 /* bigger.png */ = {isa = PBXFileReference; lastKnownFileType = image.png; path = bigger.png; sourceTree = "<group>"; };
		69B7A1121481D10100ED7BB7 /* smaller.png */ = {isa = PBXFileReference; lastKnownFileType = image.png; path = smaller.png; sourceTree = "<group>"; };
		69C2ECCD147EE60A00EC7161 /* iMeme.app */ = {isa = PBXFileReference; explicitFileType = wrapper.application; includeInIndex = 0; path = iMeme.app; sourceTree = BUILT_PRODUCTS_DIR; };
		69C2ECD1147EE60A00EC7161 /* Cocoa.framework */ = {isa = PBXFileReference; lastKnownFileType = wrapper.framework; name = Cocoa.framework; path = System/Library/Frameworks/Cocoa.framework; sourceTree = SDKROOT; };
		69C2ECD4147EE60A00EC7161 /* AppKit.framework */ = {isa = PBXFileReference; lastKnownFileType = wrapper.framework; name = AppKit.framework; path = System/Library/Frameworks/AppKit.framework; sourceTree = SDKROOT; };
		69C2ECD5147EE60A00EC7161 /* CoreData.framework */ = {isa = PBXFileReference; lastKnownFileType = wrapper.framework; name = CoreData.framework; path = System/Library/Frameworks/CoreData.framework; sourceTree = SDKROOT; };
		69C2ECD6147EE60A00EC7161 /* Foundation.framework */ = {isa = PBXFileReference; lastKnownFileType = wrapper.framework; name = Foundation.framework; path = System/Library/Frameworks/Foundation.framework; sourceTree = SDKROOT; };
		69C2ECD9147EE60A00EC7161 /* iMeme-Info.plist */ = {isa = PBXFileReference; lastKnownFileType = text.plist.xml; path = "iMeme-Info.plist"; sourceTree = "<group>"; };
		69C2ECDB147EE60A00EC7161 /* en */ = {isa = PBXFileReference; lastKnownFileType = text.plist.strings; name = en; path = en.lproj/InfoPlist.strings; sourceTree = "<group>"; };
		69C2ECDD147EE60A00EC7161 /* main.m */ = {isa = PBXFileReference; lastKnownFileType = sourcecode.c.objc; path = main.m; sourceTree = "<group>"; };
		69C2ECDF147EE60A00EC7161 /* iMeme-Prefix.pch */ = {isa = PBXFileReference; lastKnownFileType = sourcecode.c.h; path = "iMeme-Prefix.pch"; sourceTree = "<group>"; };
		69C2ECE1147EE60A00EC7161 /* en */ = {isa = PBXFileReference; lastKnownFileType = text.rtf; name = en; path = en.lproj/Credits.rtf; sourceTree = "<group>"; };
		69C2ECE3147EE60A00EC7161 /* AppDelegate.h */ = {isa = PBXFileReference; lastKnownFileType = sourcecode.c.h; path = AppDelegate.h; sourceTree = "<group>"; };
		69C2ECE4147EE60A00EC7161 /* AppDelegate.m */ = {isa = PBXFileReference; lastKnownFileType = sourcecode.c.objc; path = AppDelegate.m; sourceTree = "<group>"; };
		69C2ECE7147EE60B00EC7161 /* en */ = {isa = PBXFileReference; lastKnownFileType = file.xib; name = en; path = en.lproj/MainMenu.xib; sourceTree = "<group>"; };
		69C2ECF1147EE8D400EC7161 /* align-center.png */ = {isa = PBXFileReference; lastKnownFileType = image.png; path = "align-center.png"; sourceTree = "<group>"; };
		69C2ECF2147EE8D400EC7161 /* align-left.png */ = {isa = PBXFileReference; lastKnownFileType = image.png; path = "align-left.png"; sourceTree = "<group>"; };
		69C2ECF3147EE8D400EC7161 /* align-right.png */ = {isa = PBXFileReference; lastKnownFileType = image.png; path = "align-right.png"; sourceTree = "<group>"; };
		69C2ED0D147EE8D400EC7161 /* icon.icns */ = {isa = PBXFileReference; lastKnownFileType = image.icns; path = icon.icns; sourceTree = "<group>"; };
		69C2ED0E147EE8D400EC7161 /* icon.png */ = {isa = PBXFileReference; lastKnownFileType = image.png; path = icon.png; sourceTree = "<group>"; };
		69C2ED69147EEB3F00EC7161 /* Model.h */ = {isa = PBXFileReference; fileEncoding = 4; lastKnownFileType = sourcecode.c.h; path = Model.h; sourceTree = "<group>"; };
		69C2ED6A147EEB3F00EC7161 /* Model.m */ = {isa = PBXFileReference; fileEncoding = 4; lastKnownFileType = sourcecode.c.objc; path = Model.m; sourceTree = "<group>"; };
		69C2ED6C147EEBD100EC7161 /* Template.h */ = {isa = PBXFileReference; fileEncoding = 4; lastKnownFileType = sourcecode.c.h; path = Template.h; sourceTree = "<group>"; };
		69C2ED6D147EEBD100EC7161 /* Template.m */ = {isa = PBXFileReference; fileEncoding = 4; lastKnownFileType = sourcecode.c.objc; path = Template.m; sourceTree = "<group>"; };
		69C2ED6F147EECF700EC7161 /* TableViewController.h */ = {isa = PBXFileReference; fileEncoding = 4; lastKnownFileType = sourcecode.c.h; path = TableViewController.h; sourceTree = "<group>"; };
		69C2ED70147EECF700EC7161 /* TableViewController.m */ = {isa = PBXFileReference; fileEncoding = 4; lastKnownFileType = sourcecode.c.objc; path = TableViewController.m; sourceTree = "<group>"; };
		69DE954B147F30EB00AF261E /* NSData+Base64.h */ = {isa = PBXFileReference; fileEncoding = 4; lastKnownFileType = sourcecode.c.h; path = "NSData+Base64.h"; sourceTree = "<group>"; };
		69DE954C147F30EB00AF261E /* NSData+Base64.m */ = {isa = PBXFileReference; fileEncoding = 4; lastKnownFileType = sourcecode.c.objc; path = "NSData+Base64.m"; sourceTree = "<group>"; };
		69DE954E147F30EB00AF261E /* MultipartForm.h */ = {isa = PBXFileReference; fileEncoding = 4; lastKnownFileType = sourcecode.c.h; path = MultipartForm.h; sourceTree = "<group>"; };
		69DE954F147F30EB00AF261E /* MultipartForm.m */ = {isa = PBXFileReference; fileEncoding = 4; lastKnownFileType = sourcecode.c.objc; path = MultipartForm.m; sourceTree = "<group>"; };
		69DE9551147F30EB00AF261E /* NSObject+SBJson.h */ = {isa = PBXFileReference; fileEncoding = 4; lastKnownFileType = sourcecode.c.h; path = "NSObject+SBJson.h"; sourceTree = "<group>"; };
		69DE9552147F30EB00AF261E /* NSObject+SBJson.m */ = {isa = PBXFileReference; fileEncoding = 4; lastKnownFileType = sourcecode.c.objc; path = "NSObject+SBJson.m"; sourceTree = "<group>"; };
		69DE9553147F30EB00AF261E /* SBJson.h */ = {isa = PBXFileReference; fileEncoding = 4; lastKnownFileType = sourcecode.c.h; path = SBJson.h; sourceTree = "<group>"; };
		69DE9554147F30EB00AF261E /* SBJsonParser.h */ = {isa = PBXFileReference; fileEncoding = 4; lastKnownFileType = sourcecode.c.h; path = SBJsonParser.h; sourceTree = "<group>"; };
		69DE9555147F30EB00AF261E /* SBJsonParser.m */ = {isa = PBXFileReference; fileEncoding = 4; lastKnownFileType = sourcecode.c.objc; path = SBJsonParser.m; sourceTree = "<group>"; };
		69DE9556147F30EB00AF261E /* SBJsonStreamParser.h */ = {isa = PBXFileReference; fileEncoding = 4; lastKnownFileType = sourcecode.c.h; path = SBJsonStreamParser.h; sourceTree = "<group>"; };
		69DE9557147F30EB00AF261E /* SBJsonStreamParser.m */ = {isa = PBXFileReference; fileEncoding = 4; lastKnownFileType = sourcecode.c.objc; path = SBJsonStreamParser.m; sourceTree = "<group>"; };
		69DE9558147F30EB00AF261E /* SBJsonStreamParserAccumulator.h */ = {isa = PBXFileReference; fileEncoding = 4; lastKnownFileType = sourcecode.c.h; path = SBJsonStreamParserAccumulator.h; sourceTree = "<group>"; };
		69DE9559147F30EB00AF261E /* SBJsonStreamParserAccumulator.m */ = {isa = PBXFileReference; fileEncoding = 4; lastKnownFileType = sourcecode.c.objc; path = SBJsonStreamParserAccumulator.m; sourceTree = "<group>"; };
		69DE955A147F30EB00AF261E /* SBJsonStreamParserAdapter.h */ = {isa = PBXFileReference; fileEncoding = 4; lastKnownFileType = sourcecode.c.h; path = SBJsonStreamParserAdapter.h; sourceTree = "<group>"; };
		69DE955B147F30EB00AF261E /* SBJsonStreamParserAdapter.m */ = {isa = PBXFileReference; fileEncoding = 4; lastKnownFileType = sourcecode.c.objc; path = SBJsonStreamParserAdapter.m; sourceTree = "<group>"; };
		69DE955C147F30EB00AF261E /* SBJsonStreamParserState.h */ = {isa = PBXFileReference; fileEncoding = 4; lastKnownFileType = sourcecode.c.h; path = SBJsonStreamParserState.h; sourceTree = "<group>"; };
		69DE955D147F30EB00AF261E /* SBJsonStreamParserState.m */ = {isa = PBXFileReference; fileEncoding = 4; lastKnownFileType = sourcecode.c.objc; path = SBJsonStreamParserState.m; sourceTree = "<group>"; };
		69DE955E147F30EB00AF261E /* SBJsonStreamWriter.h */ = {isa = PBXFileReference; fileEncoding = 4; lastKnownFileType = sourcecode.c.h; path = SBJsonStreamWriter.h; sourceTree = "<group>"; };
		69DE955F147F30EB00AF261E /* SBJsonStreamWriter.m */ = {isa = PBXFileReference; fileEncoding = 4; lastKnownFileType = sourcecode.c.objc; path = SBJsonStreamWriter.m; sourceTree = "<group>"; };
		69DE9560147F30EB00AF261E /* SBJsonStreamWriterAccumulator.h */ = {isa = PBXFileReference; fileEncoding = 4; lastKnownFileType = sourcecode.c.h; path = SBJsonStreamWriterAccumulator.h; sourceTree = "<group>"; };
		69DE9561147F30EB00AF261E /* SBJsonStreamWriterAccumulator.m */ = {isa = PBXFileReference; fileEncoding = 4; lastKnownFileType = sourcecode.c.objc; path = SBJsonStreamWriterAccumulator.m; sourceTree = "<group>"; };
		69DE9562147F30EB00AF261E /* SBJsonStreamWriterState.h */ = {isa = PBXFileReference; fileEncoding = 4; lastKnownFileType = sourcecode.c.h; path = SBJsonStreamWriterState.h; sourceTree = "<group>"; };
		69DE9563147F30EB00AF261E /* SBJsonStreamWriterState.m */ = {isa = PBXFileReference; fileEncoding = 4; lastKnownFileType = sourcecode.c.objc; path = SBJsonStreamWriterState.m; sourceTree = "<group>"; };
		69DE9564147F30EB00AF261E /* SBJsonTokeniser.h */ = {isa = PBXFileReference; fileEncoding = 4; lastKnownFileType = sourcecode.c.h; path = SBJsonTokeniser.h; sourceTree = "<group>"; };
		69DE9565147F30EB00AF261E /* SBJsonTokeniser.m */ = {isa = PBXFileReference; fileEncoding = 4; lastKnownFileType = sourcecode.c.objc; path = SBJsonTokeniser.m; sourceTree = "<group>"; };
		69DE9566147F30EB00AF261E /* SBJsonUTF8Stream.h */ = {isa = PBXFileReference; fileEncoding = 4; lastKnownFileType = sourcecode.c.h; path = SBJsonUTF8Stream.h; sourceTree = "<group>"; };
		69DE9567147F30EB00AF261E /* SBJsonUTF8Stream.m */ = {isa = PBXFileReference; fileEncoding = 4; lastKnownFileType = sourcecode.c.objc; path = SBJsonUTF8Stream.m; sourceTree = "<group>"; };
		69DE9568147F30EB00AF261E /* SBJsonWriter.h */ = {isa = PBXFileReference; fileEncoding = 4; lastKnownFileType = sourcecode.c.h; path = SBJsonWriter.h; sourceTree = "<group>"; };
		69DE9569147F30EB00AF261E /* SBJsonWriter.m */ = {isa = PBXFileReference; fileEncoding = 4; lastKnownFileType = sourcecode.c.objc; path = SBJsonWriter.m; sourceTree = "<group>"; };
		69F348E2147FD65C0054EA7F /* imgur.png */ = {isa = PBXFileReference; lastKnownFileType = image.png; path = imgur.png; sourceTree = "<group>"; };
		69F348E3147FD65C0054EA7F /* open.png */ = {isa = PBXFileReference; lastKnownFileType = image.png; path = open.png; sourceTree = "<group>"; };
		69F348E4147FD65C0054EA7F /* reddit.png */ = {isa = PBXFileReference; lastKnownFileType = image.png; path = reddit.png; sourceTree = "<group>"; };
		69F348E5147FD65C0054EA7F /* reset.png */ = {isa = PBXFileReference; lastKnownFileType = image.png; path = reset.png; sourceTree = "<group>"; };
		69F348E6147FD65C0054EA7F /* save.png */ = {isa = PBXFileReference; lastKnownFileType = image.png; path = save.png; sourceTree = "<group>"; };
/* End PBXFileReference section */

/* Begin PBXFrameworksBuildPhase section */
		69C2ECCA147EE60A00EC7161 /* Frameworks */ = {
			isa = PBXFrameworksBuildPhase;
			buildActionMask = 2147483647;
			files = (
				69C2ECD2147EE60A00EC7161 /* Cocoa.framework in Frameworks */,
			);
			runOnlyForDeploymentPostprocessing = 0;
		};
/* End PBXFrameworksBuildPhase section */

/* Begin PBXGroup section */
		694EC04416741EA5001E7A16 /* Memes */ = {
			isa = PBXGroup;
			children = (
				694EC04516741EA5001E7A16 /* 10-Guy.jpg */,
				694EC04616741EA5001E7A16 /* Advice-Dog.jpg */,
				694EC04716741EA5001E7A16 /* Advice-God.jpg */,
				694EC04816741EA5001E7A16 /* Advice-Yoda.jpg */,
				694EC04916741EA5001E7A16 /* Ancient-Aliens.jpg */,
				694EC04A16741EA5001E7A16 /* Annoying-Childhood-Friend.jpg */,
				694EC04B16741EA5001E7A16 /* Annoying-Facebook-Girl.jpg */,
				694EC04C16741EA5001E7A16 /* Anti-Joke-Chicken.jpg */,
				694EC04D16741EA5001E7A16 /* Art-Student-Owl.jpg */,
				694EC04E16741EA5001E7A16 /* Baby-Godfather.jpg */,
				694EC04F16741EA5001E7A16 /* Bad-Advice-Cat.jpg */,
				694EC05016741EA5001E7A16 /* Bad-Joke-Eel.jpg */,
				694EC05116741EA5001E7A16 /* Bad-Luck-Brian.jpg */,
				694EC05216741EA5001E7A16 /* Bear-Grylls.jpg */,
				694EC05316741EA5001E7A16 /* Blank-Colored-Background.jpg */,
				694EC05416741EA5001E7A16 /* Brace-Yourselves-X-is-Coming.jpg */,
				694EC05516741EA5001E7A16 /* Business-Cat.jpg */,
				694EC05616741EA5001E7A16 /* Butthurt-Dweller.jpg */,
				694EC05716741EA5001E7A16 /* Chemistry-Cat.jpg */,
				694EC05816741EA5001E7A16 /* College-Freshman.jpg */,
				694EC05916741EA5001E7A16 /* Computer-Guy.jpg */,
				694EC05A16741EA5001E7A16 /* Confession-Bear.jpg */,
				694EC05B16741EA5001E7A16 /* Conspiracy-Keanu.jpg */,
				694EC05C16741EA5001E7A16 /* Courage-Wolf.jpg */,
				694EC05D16741EA5001E7A16 /* Crazy-Girlfriend-Praying-Mantis.jpg */,
				694EC05E16741EA5001E7A16 /* Creepy-Condescending-Wonka.jpg */,
				694EC05F16741EA5001E7A16 /* Depression-Dog.jpg */,
				694EC06016741EA5001E7A16 /* Downvoting-Roman.jpg */,
				694EC06116741EA5001E7A16 /* Drunk-Baby.jpg */,
				694EC06216741EA5001E7A16 /* Dwight-Schrute.jpg */,
				694EC06316741EA5001E7A16 /* Ermahgerd-Berks.jpg */,
				694EC06416741EA5001E7A16 /* Evil-Cows.jpg */,
				694EC06516741EA5001E7A16 /* Family-Tech-Support-Guy.jpg */,
				694EC06616741EA5001E7A16 /* First-World-Problems-Cat.jpg */,
				694EC06716741EA5001E7A16 /* First-World-Problems.jpg */,
				694EC06816741EA5001E7A16 /* Fk-Yeah.jpg */,
				694EC06916741EA5001E7A16 /* Forever-Alone.jpg */,
				694EC06A16741EA5001E7A16 /* Foul-Bachelor-Frog.jpg */,
				694EC06B16741EA5001E7A16 /* Foul-Bachelorette-Frog.jpg */,
				694EC06C16741EA5001E7A16 /* Futurama-Fry.jpg */,
				694EC06D16741EA5001E7A16 /* Futurama-Zoidberg.jpg */,
				694EC06E16741EA5001E7A16 /* Gasp-Rage-Face.jpg */,
				694EC06F16741EA5001E7A16 /* Good-Guy-Greg.jpg */,
				694EC07016741EA5001E7A16 /* Grandma-Finds-The-Internet.jpg */,
				694EC07116741EA5001E7A16 /* Hawkward.jpg */,
				694EC07216741EA5001E7A16 /* Helpful-Tyler-Durden.jpg */,
				694EC07316741EA5001E7A16 /* High-Expectations-Asian-Father.jpg */,
				694EC07416741EA5001E7A16 /* Hipster-Barista.jpg */,
				694EC07516741EA5001E7A16 /* Hipster-Kitty.jpg */,
				694EC07616741EA5001E7A16 /* I-Have-No-Idea-What-I-Am-Doing.jpg */,
				694EC07716741EA5001E7A16 /* Idiot-Nerd-Girl.jpg */,
				694EC07816741EA5001E7A16 /* Ill-Just-Wait-Here.jpg */,
				694EC07916741EA5001E7A16 /* Insanity-Wolf.jpg */,
				694EC07A16741EA5001E7A16 /* Joseph-Ducreux.jpg */,
				694EC07B16741EA5001E7A16 /* Karate-Kyle.jpg */,
				694EC07C16741EA5001E7A16 /* Lame-Pun-Coon.jpg */,
				694EC07D16741EA5001E7A16 /* Lazy-College-Senior.jpg */,
				694EC07E16741EA5001E7A16 /* LOL-Guy.jpg */,
				694EC07F16741EA5001E7A16 /* Matrix-Morpheus.jpg */,
				694EC08016741EA5001E7A16 /* Men-Laughing.jpg */,
				694EC08116741EA5001E7A16 /* Musically-Oblivious-8th-Grader.jpg */,
				694EC08216741EA5001E7A16 /* Neil-deGrasse-Tyson.jpg */,
				694EC08316741EA5001E7A16 /* Oh-No.jpg */,
				694EC08416741EA5001E7A16 /* One-Does-Not-Simply.jpg */,
				694EC08516741EA5001E7A16 /* Ordinary-Muslim-Man.jpg */,
				694EC08616741EA5001E7A16 /* Original-I-Lied.jpg */,
				694EC08716741EA5001E7A16 /* Overly-Attached-Girlfriend.jpg */,
				694EC08816741EA5001E7A16 /* Paranoid-Parrot.jpg */,
				694EC08916741EA5001E7A16 /* Patriotic-Eagle.jpg */,
				694EC08A16741EA5001E7A16 /* Pedobear.jpg */,
				694EC08B16741EA5001E7A16 /* Philosoraptor.jpg */,
				694EC08C16741EA5001E7A16 /* Pickup-Line-Panda.jpg */,
				694EC08D16741EA5001E7A16 /* Priority-Peter.jpg */,
				694EC08E16741EA5001E7A16 /* PTSD-Clarinet-Boy.jpg */,
				694EC08F16741EA5001E7A16 /* Put-It-Somewhere-Else-Patrick.jpg */,
				694EC09016741EA5001E7A16 /* Question-Rage-Face.jpg */,
				694EC09116741EA5001E7A16 /* Rasta-Science-Teacher.jpg */,
				694EC09216741EA5001E7A16 /* Redditors-Wife.jpg */,
				694EC09316741EA5001E7A16 /* Redneck-Randal.jpg */,
				694EC09416741EA5001E7A16 /* Rich-Raven.jpg */,
				694EC09516741EA5001E7A16 /* Sad-X-All-The-Y.jpg */,
				694EC09616741EA5001E7A16 /* Say-That-Again-I-Dare-You.jpg */,
				694EC09716741EA5001E7A16 /* Scumbag-Brain.jpg */,
				694EC09816741EA5001E7A16 /* Scumbag-Girl.jpg */,
				694EC09916741EA5001E7A16 /* Scumbag-Minecraft.jpg */,
				694EC09A16741EA5001E7A16 /* Scumbag-Redditor.jpg */,
				694EC09B16741EA5001E7A16 /* Scumbag-Steve.jpg */,
				694EC09C16741EA5001E7A16 /* Sexually-Oblivious-Rhino.jpg */,
				694EC09D16741EA5001E7A16 /* Sheltering-Suburban-Mom.jpg */,
				694EC09E16741EA5001E7A16 /* Shut-Up-And-Take-My-Money-Fry.jpg */,
				694EC09F16741EA5001E7A16 /* Skeptical-Baby.jpg */,
				694EC0A016741EA5001E7A16 /* Slowpoke.jpg */,
				694EC0A116741EA5001E7A16 /* Socially-Awesome-Awkward-Penguin.jpg */,
				694EC0A216741EA5001E7A16 /* Socially-Awesome-Penguin.jpg */,
				694EC0A316741EA5001E7A16 /* Socially-Awkward-Penguin.jpg */,
				694EC0A416741EA5001E7A16 /* Stoner-Dog.jpg */,
				694EC0A516741EA5001E7A16 /* Success-Kid.jpg */,
				694EC0A616741EA5001E7A16 /* Successful-Black-Man.jpg */,
				694EC0A716741EA5001E7A16 /* Sudden-Clarity-Clarence.jpg */,
				694EC0A816741EA5001E7A16 /* Surprised-Coala.jpg */,
				694EC0A916741EA5001E7A16 /* Tech-Impaired-Duck.jpg */,
				694EC0AA16741EA5001E7A16 /* The-Most-Interesting-Cat-In-The-World.jpg */,
				694EC0AB16741EA5001E7A16 /* The-Most-Interesting-Man-In-The-World.jpg */,
				694EC0AC16741EA5001E7A16 /* Third-World-Skeptical-Kid.jpg */,
				694EC0AD16741EA5001E7A16 /* Third-World-Success-Kid.jpg */,
				694EC0AE16741EA5001E7A16 /* Too-Damn-High.jpg */,
				694EC0AF16741EA5001E7A16 /* Troll-Face-Colored.jpg */,
				694EC0B016741EA5001E7A16 /* True-Story.jpg */,
				694EC0B116741EA5001E7A16 /* Unhelpful-High-School-Teacher.jpg */,
				694EC0B216741EA5001E7A16 /* Vengeance-Dad.jpg */,
				694EC0B316741EA5001E7A16 /* We-Will-Rebuild.jpg */,
				694EC0B416741EA5001E7A16 /* X-All-The-Y.jpg */,
				694EC0B516741EA5001E7A16 /* Y-U-No.jpg */,
				694EC0B616741EA5001E7A16 /* Yao-Ming.jpg */,
				694EC0B716741EA5001E7A16 /* Yo-Dawg-Heard-You.jpg */,
			);
			path = Memes;
			sourceTree = "<group>";
		};
		69C2ECC2147EE60A00EC7161 = {
			isa = PBXGroup;
			children = (
				694EC04416741EA5001E7A16 /* Memes */,
				69C2ECD7147EE60A00EC7161 /* iMeme */,
				69C2ECEE147EE8D400EC7161 /* Resources */,
				69DE954A147F30EB00AF261E /* Base64 */,
				69DE954D147F30EB00AF261E /* MultipartForm */,
				69DE9550147F30EB00AF261E /* SBJson */,
				69C2ECD0147EE60A00EC7161 /* Frameworks */,
				69C2ECCE147EE60A00EC7161 /* Products */,
			);
			sourceTree = "<group>";
		};
		69C2ECCE147EE60A00EC7161 /* Products */ = {
			isa = PBXGroup;
			children = (
				69C2ECCD147EE60A00EC7161 /* iMeme.app */,
			);
			name = Products;
			sourceTree = "<group>";
		};
		69C2ECD0147EE60A00EC7161 /* Frameworks */ = {
			isa = PBXGroup;
			children = (
				69C2ECD1147EE60A00EC7161 /* Cocoa.framework */,
				69C2ECD3147EE60A00EC7161 /* Other Frameworks */,
			);
			name = Frameworks;
			sourceTree = "<group>";
		};
		69C2ECD3147EE60A00EC7161 /* Other Frameworks */ = {
			isa = PBXGroup;
			children = (
				69C2ECD4147EE60A00EC7161 /* AppKit.framework */,
				69C2ECD5147EE60A00EC7161 /* CoreData.framework */,
				69C2ECD6147EE60A00EC7161 /* Foundation.framework */,
			);
			name = "Other Frameworks";
			sourceTree = "<group>";
		};
		69C2ECD7147EE60A00EC7161 /* iMeme */ = {
			isa = PBXGroup;
			children = (
				69C2ECD8147EE60A00EC7161 /* Supporting Files */,
				69C2ECE3147EE60A00EC7161 /* AppDelegate.h */,
				69C2ECE4147EE60A00EC7161 /* AppDelegate.m */,
				69C2ECE6147EE60B00EC7161 /* MainMenu.xib */,
				69C2ED69147EEB3F00EC7161 /* Model.h */,
				69C2ED6A147EEB3F00EC7161 /* Model.m */,
				69C2ED6C147EEBD100EC7161 /* Template.h */,
				69C2ED6D147EEBD100EC7161 /* Template.m */,
				69C2ED6F147EECF700EC7161 /* TableViewController.h */,
				69C2ED70147EECF700EC7161 /* TableViewController.m */,
			);
			path = iMeme;
			sourceTree = "<group>";
		};
		69C2ECD8147EE60A00EC7161 /* Supporting Files */ = {
			isa = PBXGroup;
			children = (
				69C2ECD9147EE60A00EC7161 /* iMeme-Info.plist */,
				69C2ECDA147EE60A00EC7161 /* InfoPlist.strings */,
				69C2ECDD147EE60A00EC7161 /* main.m */,
				69C2ECDF147EE60A00EC7161 /* iMeme-Prefix.pch */,
				69C2ECE0147EE60A00EC7161 /* Credits.rtf */,
			);
			name = "Supporting Files";
			sourceTree = "<group>";
		};
		69C2ECEE147EE8D400EC7161 /* Resources */ = {
			isa = PBXGroup;
			children = (
				690DA7CE162643D700C26B63 /* startup.png */,
				6947C8D014846B3C00334D3F /* minus.png */,
				6947C8D114846B3C00334D3F /* plus.png */,
				69B7A1111481D10100ED7BB7 /* bigger.png */,
				69B7A1121481D10100ED7BB7 /* smaller.png */,
				6966257D1481817A00F49E2A /* icon32.png */,
				6932730E14814E670090BA14 /* new.png */,
				6932730F14814E670090BA14 /* print.png */,
				6985CAB214803FC9006F806F /* copy.png */,
				69F348E2147FD65C0054EA7F /* imgur.png */,
				69F348E3147FD65C0054EA7F /* open.png */,
				69F348E4147FD65C0054EA7F /* reddit.png */,
				69F348E5147FD65C0054EA7F /* reset.png */,
				69F348E6147FD65C0054EA7F /* save.png */,
				69C2ECF1147EE8D400EC7161 /* align-center.png */,
				69C2ECF2147EE8D400EC7161 /* align-left.png */,
				69C2ECF3147EE8D400EC7161 /* align-right.png */,
				69C2ED0D147EE8D400EC7161 /* icon.icns */,
				69C2ED0E147EE8D400EC7161 /* icon.png */,
			);
			path = Resources;
			sourceTree = "<group>";
		};
		69DE954A147F30EB00AF261E /* Base64 */ = {
			isa = PBXGroup;
			children = (
				69DE954B147F30EB00AF261E /* NSData+Base64.h */,
				69DE954C147F30EB00AF261E /* NSData+Base64.m */,
			);
			path = Base64;
			sourceTree = "<group>";
		};
		69DE954D147F30EB00AF261E /* MultipartForm */ = {
			isa = PBXGroup;
			children = (
				69DE954E147F30EB00AF261E /* MultipartForm.h */,
				69DE954F147F30EB00AF261E /* MultipartForm.m */,
			);
			path = MultipartForm;
			sourceTree = "<group>";
		};
		69DE9550147F30EB00AF261E /* SBJson */ = {
			isa = PBXGroup;
			children = (
				69DE9551147F30EB00AF261E /* NSObject+SBJson.h */,
				69DE9552147F30EB00AF261E /* NSObject+SBJson.m */,
				69DE9553147F30EB00AF261E /* SBJson.h */,
				69DE9554147F30EB00AF261E /* SBJsonParser.h */,
				69DE9555147F30EB00AF261E /* SBJsonParser.m */,
				69DE9556147F30EB00AF261E /* SBJsonStreamParser.h */,
				69DE9557147F30EB00AF261E /* SBJsonStreamParser.m */,
				69DE9558147F30EB00AF261E /* SBJsonStreamParserAccumulator.h */,
				69DE9559147F30EB00AF261E /* SBJsonStreamParserAccumulator.m */,
				69DE955A147F30EB00AF261E /* SBJsonStreamParserAdapter.h */,
				69DE955B147F30EB00AF261E /* SBJsonStreamParserAdapter.m */,
				69DE955C147F30EB00AF261E /* SBJsonStreamParserState.h */,
				69DE955D147F30EB00AF261E /* SBJsonStreamParserState.m */,
				69DE955E147F30EB00AF261E /* SBJsonStreamWriter.h */,
				69DE955F147F30EB00AF261E /* SBJsonStreamWriter.m */,
				69DE9560147F30EB00AF261E /* SBJsonStreamWriterAccumulator.h */,
				69DE9561147F30EB00AF261E /* SBJsonStreamWriterAccumulator.m */,
				69DE9562147F30EB00AF261E /* SBJsonStreamWriterState.h */,
				69DE9563147F30EB00AF261E /* SBJsonStreamWriterState.m */,
				69DE9564147F30EB00AF261E /* SBJsonTokeniser.h */,
				69DE9565147F30EB00AF261E /* SBJsonTokeniser.m */,
				69DE9566147F30EB00AF261E /* SBJsonUTF8Stream.h */,
				69DE9567147F30EB00AF261E /* SBJsonUTF8Stream.m */,
				69DE9568147F30EB00AF261E /* SBJsonWriter.h */,
				69DE9569147F30EB00AF261E /* SBJsonWriter.m */,
			);
			path = SBJson;
			sourceTree = "<group>";
		};
/* End PBXGroup section */

/* Begin PBXNativeTarget section */
		69C2ECCC147EE60A00EC7161 /* iMeme */ = {
			isa = PBXNativeTarget;
			buildConfigurationList = 69C2ECEB147EE60B00EC7161 /* Build configuration list for PBXNativeTarget "iMeme" */;
			buildPhases = (
				69C2ECC9147EE60A00EC7161 /* Sources */,
				69C2ECCA147EE60A00EC7161 /* Frameworks */,
				69C2ECCB147EE60A00EC7161 /* Resources */,
			);
			buildRules = (
			);
			dependencies = (
			);
			name = iMeme;
			productName = iMeme;
			productReference = 69C2ECCD147EE60A00EC7161 /* iMeme.app */;
			productType = "com.apple.product-type.application";
		};
/* End PBXNativeTarget section */

/* Begin PBXProject section */
		69C2ECC4147EE60A00EC7161 /* Project object */ = {
			isa = PBXProject;
			attributes = {
				LastUpgradeCheck = 0450;
				ORGANIZATIONNAME = n/a;
			};
			buildConfigurationList = 69C2ECC7147EE60A00EC7161 /* Build configuration list for PBXProject "iMeme" */;
			compatibilityVersion = "Xcode 3.2";
			developmentRegion = English;
			hasScannedForEncodings = 0;
			knownRegions = (
				en,
			);
			mainGroup = 69C2ECC2147EE60A00EC7161;
			productRefGroup = 69C2ECCE147EE60A00EC7161 /* Products */;
			projectDirPath = "";
			projectRoot = "";
			targets = (
				69C2ECCC147EE60A00EC7161 /* iMeme */,
			);
		};
/* End PBXProject section */

/* Begin PBXResourcesBuildPhase section */
		69C2ECCB147EE60A00EC7161 /* Resources */ = {
			isa = PBXResourcesBuildPhase;
			buildActionMask = 2147483647;
			files = (
				69C2ECDC147EE60A00EC7161 /* InfoPlist.strings in Resources */,
				69C2ECE2147EE60A00EC7161 /* Credits.rtf in Resources */,
				69C2ECE8147EE60B00EC7161 /* MainMenu.xib in Resources */,
				69C2ED2E147EE8D400EC7161 /* align-center.png in Resources */,
				69C2ED2F147EE8D400EC7161 /* align-left.png in Resources */,
				69C2ED30147EE8D400EC7161 /* align-right.png in Resources */,
				69C2ED4A147EE8D400EC7161 /* icon.icns in Resources */,
				69C2ED4B147EE8D400EC7161 /* icon.png in Resources */,
				69F348E7147FD65C0054EA7F /* imgur.png in Resources */,
				69F348E8147FD65C0054EA7F /* open.png in Resources */,
				69F348E9147FD65C0054EA7F /* reddit.png in Resources */,
				69F348EA147FD65C0054EA7F /* reset.png in Resources */,
				69F348EB147FD65C0054EA7F /* save.png in Resources */,
				6985CAB314803FC9006F806F /* copy.png in Resources */,
				6932731014814E670090BA14 /* new.png in Resources */,
				6932731114814E670090BA14 /* print.png in Resources */,
				6966257E1481817A00F49E2A /* icon32.png in Resources */,
				69B7A1131481D10100ED7BB7 /* bigger.png in Resources */,
				69B7A1141481D10100ED7BB7 /* smaller.png in Resources */,
				6947C8D214846B3C00334D3F /* minus.png in Resources */,
				6947C8D314846B3C00334D3F /* plus.png in Resources */,
				690DA7CF162643D700C26B63 /* startup.png in Resources */,
				694EC0B816741EA5001E7A16 /* 10-Guy.jpg in Resources */,
				694EC0B916741EA5001E7A16 /* Advice-Dog.jpg in Resources */,
				694EC0BA16741EA5001E7A16 /* Advice-God.jpg in Resources */,
				694EC0BB16741EA5001E7A16 /* Advice-Yoda.jpg in Resources */,
				694EC0BC16741EA5001E7A16 /* Ancient-Aliens.jpg in Resources */,
				694EC0BD16741EA5001E7A16 /* Annoying-Childhood-Friend.jpg in Resources */,
				694EC0BE16741EA5001E7A16 /* Annoying-Facebook-Girl.jpg in Resources */,
				694EC0BF16741EA5001E7A16 /* Anti-Joke-Chicken.jpg in Resources */,
				694EC0C016741EA5001E7A16 /* Art-Student-Owl.jpg in Resources */,
				694EC0C116741EA5001E7A16 /* Baby-Godfather.jpg in Resources */,
				694EC0C216741EA5001E7A16 /* Bad-Advice-Cat.jpg in Resources */,
				694EC0C316741EA5001E7A16 /* Bad-Joke-Eel.jpg in Resources */,
				694EC0C416741EA5001E7A16 /* Bad-Luck-Brian.jpg in Resources */,
				694EC0C516741EA5001E7A16 /* Bear-Grylls.jpg in Resources */,
				694EC0C616741EA5001E7A16 /* Blank-Colored-Background.jpg in Resources */,
				694EC0C716741EA5001E7A16 /* Brace-Yourselves-X-is-Coming.jpg in Resources */,
				694EC0C816741EA5001E7A16 /* Business-Cat.jpg in Resources */,
				694EC0C916741EA5001E7A16 /* Butthurt-Dweller.jpg in Resources */,
				694EC0CA16741EA5001E7A16 /* Chemistry-Cat.jpg in Resources */,
				694EC0CB16741EA5001E7A16 /* College-Freshman.jpg in Resources */,
				694EC0CC16741EA5001E7A16 /* Computer-Guy.jpg in Resources */,
				694EC0CD16741EA5001E7A16 /* Confession-Bear.jpg in Resources */,
				694EC0CE16741EA5001E7A16 /* Conspiracy-Keanu.jpg in Resources */,
				694EC0CF16741EA5001E7A16 /* Courage-Wolf.jpg in Resources */,
				694EC0D016741EA5001E7A16 /* Crazy-Girlfriend-Praying-Mantis.jpg in Resources */,
				694EC0D116741EA5001E7A16 /* Creepy-Condescending-Wonka.jpg in Resources */,
				694EC0D216741EA5001E7A16 /* Depression-Dog.jpg in Resources */,
				694EC0D316741EA5001E7A16 /* Downvoting-Roman.jpg in Resources */,
				694EC0D416741EA5001E7A16 /* Drunk-Baby.jpg in Resources */,
				694EC0D516741EA5001E7A16 /* Dwight-Schrute.jpg in Resources */,
				694EC0D616741EA5001E7A16 /* Ermahgerd-Berks.jpg in Resources */,
				694EC0D716741EA5001E7A16 /* Evil-Cows.jpg in Resources */,
				694EC0D816741EA5001E7A16 /* Family-Tech-Support-Guy.jpg in Resources */,
				694EC0D916741EA5001E7A16 /* First-World-Problems-Cat.jpg in Resources */,
				694EC0DA16741EA5001E7A16 /* First-World-Problems.jpg in Resources */,
				694EC0DB16741EA5001E7A16 /* Fk-Yeah.jpg in Resources */,
				694EC0DC16741EA5001E7A16 /* Forever-Alone.jpg in Resources */,
				694EC0DD16741EA5001E7A16 /* Foul-Bachelor-Frog.jpg in Resources */,
				694EC0DE16741EA5001E7A16 /* Foul-Bachelorette-Frog.jpg in Resources */,
				694EC0DF16741EA5001E7A16 /* Futurama-Fry.jpg in Resources */,
				694EC0E016741EA5001E7A16 /* Futurama-Zoidberg.jpg in Resources */,
				694EC0E116741EA5001E7A16 /* Gasp-Rage-Face.jpg in Resources */,
				694EC0E216741EA5001E7A16 /* Good-Guy-Greg.jpg in Resources */,
				694EC0E316741EA5001E7A16 /* Grandma-Finds-The-Internet.jpg in Resources */,
				694EC0E416741EA5001E7A16 /* Hawkward.jpg in Resources */,
				694EC0E516741EA5001E7A16 /* Helpful-Tyler-Durden.jpg in Resources */,
				694EC0E616741EA5001E7A16 /* High-Expectations-Asian-Father.jpg in Resources */,
				694EC0E716741EA5001E7A16 /* Hipster-Barista.jpg in Resources */,
				694EC0E816741EA5001E7A16 /* Hipster-Kitty.jpg in Resources */,
				694EC0E916741EA5001E7A16 /* I-Have-No-Idea-What-I-Am-Doing.jpg in Resources */,
				694EC0EA16741EA5001E7A16 /* Idiot-Nerd-Girl.jpg in Resources */,
				694EC0EB16741EA5001E7A16 /* Ill-Just-Wait-Here.jpg in Resources */,
				694EC0EC16741EA5001E7A16 /* Insanity-Wolf.jpg in Resources */,
				694EC0ED16741EA5001E7A16 /* Joseph-Ducreux.jpg in Resources */,
				694EC0EE16741EA5001E7A16 /* Karate-Kyle.jpg in Resources */,
				694EC0EF16741EA5001E7A16 /* Lame-Pun-Coon.jpg in Resources */,
				694EC0F016741EA5001E7A16 /* Lazy-College-Senior.jpg in Resources */,
				694EC0F116741EA5001E7A16 /* LOL-Guy.jpg in Resources */,
				694EC0F216741EA5001E7A16 /* Matrix-Morpheus.jpg in Resources */,
				694EC0F316741EA5001E7A16 /* Men-Laughing.jpg in Resources */,
				694EC0F416741EA5001E7A16 /* Musically-Oblivious-8th-Grader.jpg in Resources */,
				694EC0F516741EA5001E7A16 /* Neil-deGrasse-Tyson.jpg in Resources */,
				694EC0F616741EA5001E7A16 /* Oh-No.jpg in Resources */,
				694EC0F716741EA5001E7A16 /* One-Does-Not-Simply.jpg in Resources */,
				694EC0F816741EA5001E7A16 /* Ordinary-Muslim-Man.jpg in Resources */,
				694EC0F916741EA5001E7A16 /* Original-I-Lied.jpg in Resources */,
				694EC0FA16741EA5001E7A16 /* Overly-Attached-Girlfriend.jpg in Resources */,
				694EC0FB16741EA5001E7A16 /* Paranoid-Parrot.jpg in Resources */,
				694EC0FC16741EA5001E7A16 /* Patriotic-Eagle.jpg in Resources */,
				694EC0FD16741EA5001E7A16 /* Pedobear.jpg in Resources */,
				694EC0FE16741EA5001E7A16 /* Philosoraptor.jpg in Resources */,
				694EC0FF16741EA5001E7A16 /* Pickup-Line-Panda.jpg in Resources */,
				694EC10016741EA5001E7A16 /* Priority-Peter.jpg in Resources */,
				694EC10116741EA5001E7A16 /* PTSD-Clarinet-Boy.jpg in Resources */,
				694EC10216741EA5001E7A16 /* Put-It-Somewhere-Else-Patrick.jpg in Resources */,
				694EC10316741EA5001E7A16 /* Question-Rage-Face.jpg in Resources */,
				694EC10416741EA5001E7A16 /* Rasta-Science-Teacher.jpg in Resources */,
				694EC10516741EA5001E7A16 /* Redditors-Wife.jpg in Resources */,
				694EC10616741EA5001E7A16 /* Redneck-Randal.jpg in Resources */,
				694EC10716741EA5001E7A16 /* Rich-Raven.jpg in Resources */,
				694EC10816741EA5001E7A16 /* Sad-X-All-The-Y.jpg in Resources */,
				694EC10916741EA5001E7A16 /* Say-That-Again-I-Dare-You.jpg in Resources */,
				694EC10A16741EA5001E7A16 /* Scumbag-Brain.jpg in Resources */,
				694EC10B16741EA5001E7A16 /* Scumbag-Girl.jpg in Resources */,
				694EC10C16741EA5001E7A16 /* Scumbag-Minecraft.jpg in Resources */,
				694EC10D16741EA5001E7A16 /* Scumbag-Redditor.jpg in Resources */,
				694EC10E16741EA5001E7A16 /* Scumbag-Steve.jpg in Resources */,
				694EC10F16741EA5001E7A16 /* Sexually-Oblivious-Rhino.jpg in Resources */,
				694EC11016741EA5001E7A16 /* Sheltering-Suburban-Mom.jpg in Resources */,
				694EC11116741EA5001E7A16 /* Shut-Up-And-Take-My-Money-Fry.jpg in Resources */,
				694EC11216741EA5001E7A16 /* Skeptical-Baby.jpg in Resources */,
				694EC11316741EA5001E7A16 /* Slowpoke.jpg in Resources */,
				694EC11416741EA5001E7A16 /* Socially-Awesome-Awkward-Penguin.jpg in Resources */,
				694EC11516741EA5001E7A16 /* Socially-Awesome-Penguin.jpg in Resources */,
				694EC11616741EA5001E7A16 /* Socially-Awkward-Penguin.jpg in Resources */,
				694EC11716741EA5001E7A16 /* Stoner-Dog.jpg in Resources */,
				694EC11816741EA5001E7A16 /* Success-Kid.jpg in Resources */,
				694EC11916741EA5001E7A16 /* Successful-Black-Man.jpg in Resources */,
				694EC11A16741EA5001E7A16 /* Sudden-Clarity-Clarence.jpg in Resources */,
				694EC11B16741EA5001E7A16 /* Surprised-Coala.jpg in Resources */,
				694EC11C16741EA5001E7A16 /* Tech-Impaired-Duck.jpg in Resources */,
				694EC11D16741EA5001E7A16 /* The-Most-Interesting-Cat-In-The-World.jpg in Resources */,
				694EC11E16741EA5001E7A16 /* The-Most-Interesting-Man-In-The-World.jpg in Resources */,
				694EC11F16741EA5001E7A16 /* Third-World-Skeptical-Kid.jpg in Resources */,
				694EC12016741EA5001E7A16 /* Third-World-Success-Kid.jpg in Resources */,
				694EC12116741EA5001E7A16 /* Too-Damn-High.jpg in Resources */,
				694EC12216741EA5001E7A16 /* Troll-Face-Colored.jpg in Resources */,
				694EC12316741EA5001E7A16 /* True-Story.jpg in Resources */,
				694EC12416741EA5001E7A16 /* Unhelpful-High-School-Teacher.jpg in Resources */,
				694EC12516741EA5001E7A16 /* Vengeance-Dad.jpg in Resources */,
				694EC12616741EA5001E7A16 /* We-Will-Rebuild.jpg in Resources */,
				694EC12716741EA5001E7A16 /* X-All-The-Y.jpg in Resources */,
				694EC12816741EA5001E7A16 /* Y-U-No.jpg in Resources */,
				694EC12916741EA5001E7A16 /* Yao-Ming.jpg in Resources */,
				694EC12A16741EA5001E7A16 /* Yo-Dawg-Heard-You.jpg in Resources */,
			);
			runOnlyForDeploymentPostprocessing = 0;
		};
/* End PBXResourcesBuildPhase section */

/* Begin PBXSourcesBuildPhase section */
		69C2ECC9147EE60A00EC7161 /* Sources */ = {
			isa = PBXSourcesBuildPhase;
			buildActionMask = 2147483647;
			files = (
				69C2ECDE147EE60A00EC7161 /* main.m in Sources */,
				69C2ECE5147EE60A00EC7161 /* AppDelegate.m in Sources */,
				69C2ED6B147EEB3F00EC7161 /* Model.m in Sources */,
				69C2ED6E147EEBD100EC7161 /* Template.m in Sources */,
				69C2ED71147EECF700EC7161 /* TableViewController.m in Sources */,
				69DE956A147F30EB00AF261E /* NSData+Base64.m in Sources */,
				69DE956B147F30EB00AF261E /* MultipartForm.m in Sources */,
				69DE956C147F30EB00AF261E /* NSObject+SBJson.m in Sources */,
				69DE956D147F30EB00AF261E /* SBJsonParser.m in Sources */,
				69DE956E147F30EB00AF261E /* SBJsonStreamParser.m in Sources */,
				69DE956F147F30EB00AF261E /* SBJsonStreamParserAccumulator.m in Sources */,
				69DE9570147F30EB00AF261E /* SBJsonStreamParserAdapter.m in Sources */,
				69DE9571147F30EB00AF261E /* SBJsonStreamParserState.m in Sources */,
				69DE9572147F30EB00AF261E /* SBJsonStreamWriter.m in Sources */,
				69DE9573147F30EB00AF261E /* SBJsonStreamWriterAccumulator.m in Sources */,
				69DE9574147F30EB00AF261E /* SBJsonStreamWriterState.m in Sources */,
				69DE9575147F30EB00AF261E /* SBJsonTokeniser.m in Sources */,
				69DE9576147F30EB00AF261E /* SBJsonUTF8Stream.m in Sources */,
				69DE9577147F30EB00AF261E /* SBJsonWriter.m in Sources */,
			);
			runOnlyForDeploymentPostprocessing = 0;
		};
/* End PBXSourcesBuildPhase section */

/* Begin PBXVariantGroup section */
		69C2ECDA147EE60A00EC7161 /* InfoPlist.strings */ = {
			isa = PBXVariantGroup;
			children = (
				69C2ECDB147EE60A00EC7161 /* en */,
			);
			name = InfoPlist.strings;
			sourceTree = "<group>";
		};
		69C2ECE0147EE60A00EC7161 /* Credits.rtf */ = {
			isa = PBXVariantGroup;
			children = (
				69C2ECE1147EE60A00EC7161 /* en */,
			);
			name = Credits.rtf;
			sourceTree = "<group>";
		};
		69C2ECE6147EE60B00EC7161 /* MainMenu.xib */ = {
			isa = PBXVariantGroup;
			children = (
				69C2ECE7147EE60B00EC7161 /* en */,
			);
			name = MainMenu.xib;
			sourceTree = "<group>";
		};
/* End PBXVariantGroup section */

/* Begin XCBuildConfiguration section */
		69C2ECE9147EE60B00EC7161 /* Debug */ = {
			isa = XCBuildConfiguration;
			buildSettings = {
				ALWAYS_SEARCH_USER_PATHS = NO;
				ARCHS = "$(ARCHS_STANDARD_64_BIT)";
				COPY_PHASE_STRIP = NO;
				GCC_C_LANGUAGE_STANDARD = gnu99;
				GCC_DYNAMIC_NO_PIC = NO;
				GCC_ENABLE_OBJC_EXCEPTIONS = YES;
				GCC_OPTIMIZATION_LEVEL = 0;
				GCC_PREPROCESSOR_DEFINITIONS = (
					"DEBUG=1",
					"$(inherited)",
				);
				GCC_SYMBOLS_PRIVATE_EXTERN = NO;
				GCC_VERSION = com.apple.compilers.llvm.clang.1_0;
				GCC_WARN_64_TO_32_BIT_CONVERSION = YES;
				GCC_WARN_ABOUT_MISSING_PROTOTYPES = YES;
				GCC_WARN_ABOUT_RETURN_TYPE = YES;
				GCC_WARN_UNUSED_VARIABLE = YES;
				MACOSX_DEPLOYMENT_TARGET = 10.5;
				ONLY_ACTIVE_ARCH = YES;
				SDKROOT = macosx;
			};
			name = Debug;
		};
		69C2ECEA147EE60B00EC7161 /* Release */ = {
			isa = XCBuildConfiguration;
			buildSettings = {
				ALWAYS_SEARCH_USER_PATHS = NO;
				ARCHS = "$(ARCHS_STANDARD_64_BIT)";
				COPY_PHASE_STRIP = YES;
				DEBUG_INFORMATION_FORMAT = "dwarf-with-dsym";
				GCC_C_LANGUAGE_STANDARD = gnu99;
				GCC_ENABLE_OBJC_EXCEPTIONS = YES;
				GCC_VERSION = com.apple.compilers.llvm.clang.1_0;
				GCC_WARN_64_TO_32_BIT_CONVERSION = YES;
				GCC_WARN_ABOUT_MISSING_PROTOTYPES = YES;
				GCC_WARN_ABOUT_RETURN_TYPE = YES;
				GCC_WARN_UNUSED_VARIABLE = YES;
				MACOSX_DEPLOYMENT_TARGET = 10.5;
				SDKROOT = macosx;
			};
			name = Release;
		};
		69C2ECEC147EE60B00EC7161 /* Debug */ = {
			isa = XCBuildConfiguration;
			buildSettings = {
				ARCHS = "$(ARCHS_STANDARD_32_64_BIT)";
				COMBINE_HIDPI_IMAGES = YES;
				GCC_PRECOMPILE_PREFIX_HEADER = YES;
				GCC_PREFIX_HEADER = "iMeme/iMeme-Prefix.pch";
				GCC_VERSION = com.apple.compilers.llvm.clang.1_0;
				INFOPLIST_FILE = "iMeme/iMeme-Info.plist";
				MACOSX_DEPLOYMENT_TARGET = 10.5;
				ONLY_ACTIVE_ARCH = NO;
				PRODUCT_NAME = "$(TARGET_NAME)";
				WRAPPER_EXTENSION = app;
			};
			name = Debug;
		};
		69C2ECED147EE60B00EC7161 /* Release */ = {
			isa = XCBuildConfiguration;
			buildSettings = {
				ARCHS = "$(ARCHS_STANDARD_32_64_BIT)";
				COMBINE_HIDPI_IMAGES = YES;
				GCC_PRECOMPILE_PREFIX_HEADER = YES;
				GCC_PREFIX_HEADER = "iMeme/iMeme-Prefix.pch";
				GCC_VERSION = com.apple.compilers.llvm.clang.1_0;
				INFOPLIST_FILE = "iMeme/iMeme-Info.plist";
				MACOSX_DEPLOYMENT_TARGET = 10.5;
				PRODUCT_NAME = "$(TARGET_NAME)";
				WRAPPER_EXTENSION = app;
			};
			name = Release;
		};
/* End XCBuildConfiguration section */

/* Begin XCConfigurationList section */
		69C2ECC7147EE60A00EC7161 /* Build configuration list for PBXProject "iMeme" */ = {
			isa = XCConfigurationList;
			buildConfigurations = (
				69C2ECE9147EE60B00EC7161 /* Debug */,
				69C2ECEA147EE60B00EC7161 /* Release */,
			);
			defaultConfigurationIsVisible = 0;
			defaultConfigurationName = Release;
		};
		69C2ECEB147EE60B00EC7161 /* Build configuration list for PBXNativeTarget "iMeme" */ = {
			isa = XCConfigurationList;
			buildConfigurations = (
				69C2ECEC147EE60B00EC7161 /* Debug */,
				69C2ECED147EE60B00EC7161 /* Release */,
			);
			defaultConfigurationIsVisible = 0;
			defaultConfigurationName = Release;
		};
/* End XCConfigurationList section */
	};
	rootObject = 69C2ECC4147EE60A00EC7161 /* Project object */;
}
